
Microsoft Visual Studio Solution File, Format Version 12.00
# Visual Studio Version 16
VisualStudioVersion = 16.0.32510.428
MinimumVisualStudioVersion = 10.0.40219.1
Project("{FAE04EC0-301F-11D3-BF4B-00C04F79EFBC}") = "Shell Runner", "ConsoleApp1\Shell Runner.csproj", "{A1909D67-1B41-4B64-851B-FD2CF12387B9}"
EndProject
Project("{FAE04EC0-301F-11D3-BF4B-00C04F79EFBC}") = "Reflective DLL", "ClassLibrary1\Reflective DLL.csproj", "{29C3248A-B62D-43D4-ABCB-C43E12DD305B}"
EndProject
Project("{FAE04EC0-301F-11D3-BF4B-00C04F79EFBC}") = "Processs Injection - CreateRemoteThreat", "Processs Injection - CreateRemoteThreat\Processs Injection - CreateRemoteThreat.csproj", "{9CA57399-E34A-46F5-AD2A-4936624DC240}"
EndProject
Project("{FAE04EC0-301F-11D3-BF4B-00C04F79EFBC}") = "Process Injection - CreateRemoteThread - DLL", "Process Injection - CreateRemoteThread - DLL\Process Injection - CreateRemoteThread - DLL.csproj", "{74ACF98E-1B89-4E40-AB0C-7930315389CB}"
EndProject
Project("{FAE04EC0-301F-11D3-BF4B-00C04F79EFBC}") = "Process Injection - CreateRemoteThreat (ntdll)", "Process Injection - CreateRemoteThreat (ntdll)\Process Injection - CreateRemoteThreat (ntdll).csproj", "{C5A01D76-43FB-4D84-B617-69982A64674F}"
EndProject
Project("{FAE04EC0-301F-11D3-BF4B-00C04F79EFBC}") = "Processs Injection - CreateRemoteThreat - DLL (ntdll)", "Processs Injection - CreateRemoteThreat - DLL (ntdll)\Processs Injection - CreateRemoteThreat - DLL (ntdll).csproj", "{5CF2BFF8-DE14-404A-AEA7-AEAA981FB8F4}"
EndProject
Project("{FAE04EC0-301F-11D3-BF4B-00C04F79EFBC}") = "DLL Injection", "DLL Injection\DLL Injection.csproj", "{42E2C2AB-11EB-4C74-BF2D-4F1C42E7CDFD}"
EndProject
Project("{FAE04EC0-301F-11D3-BF4B-00C04F79EFBC}") = "DLL Injection - DLL", "DLL Injection - DLL\DLL Injection - DLL.csproj", "{16625B4C-644F-4925-9E34-8DB834B24E9D}"
EndProject
Project("{FAE04EC0-301F-11D3-BF4B-00C04F79EFBC}") = "Process Injection - Process Hollowing", "Process Injection - Process Hollowing\Process Injection - Process Hollowing.csproj", "{4586528D-6EC4-4AEA-8A58-205A7EF9F62E}"
EndProject
Project("{FAE04EC0-301F-11D3-BF4B-00C04F79EFBC}") = "Process Injection - Process Hollowing - DLL", "Process Injection - Process Hollowing - DLL\Process Injection - Process Hollowing - DLL.csproj", "{CC9C89C8-A1C4-47D5-8BE3-B17C091FFC69}"
EndProject
Project("{FAE04EC0-301F-11D3-BF4B-00C04F79EFBC}") = "Shellcode Encrypter 1", "Shellcode Encrypter 1\Shellcode Encrypter 1.csproj", "{1434D1F1-F6EC-46A8-8C12-2C74F76DA12C}"
EndProject
Project("{FAE04EC0-301F-11D3-BF4B-00C04F79EFBC}") = "Shell Runner Decripter 1", "Shell Runner Decripter 1\Shell Runner Decripter 1.csproj", "{8E1222C0-B20F-4225-B413-AB376E049651}"
EndProject
Project("{FAE04EC0-301F-11D3-BF4B-00C04F79EFBC}") = "Shell Runner Decrypter 1 - DLL", "Shell Runner Decrypter 1 - DLL\Shell Runner Decrypter 1 - DLL.csproj", "{96E1A391-AE07-4DA4-9E2C-F852FCB9B076}"
EndProject
Project("{FAE04EC0-301F-11D3-BF4B-00C04F79EFBC}") = "Shellcode Encrypter VBA", "Shellcode Encrypter VBA\Shellcode Encrypter VBA.csproj", "{91524BCD-B327-41AA-9615-90864A85303B}"
EndProject
Project("{FAE04EC0-301F-11D3-BF4B-00C04F79EFBC}") = "Process Injection - Process Hollowing Decrypter", "Process Injection - Process Hollowing Decrypter\Process Injection - Process Hollowing Decrypter.csproj", "{1E1CC2FF-70C7-4C6C-B745-533E8B7A14B8}"
EndProject
Project("{FAE04EC0-301F-11D3-BF4B-00C04F79EFBC}") = "Process Injection - Thread Hijack", "Process Injection - Thread Hijack\Process Injection - Thread Hijack.csproj", "{7C4F1B91-A7A1-4E47-B9BF-17D372053DB5}"
EndProject
Project("{FAE04EC0-301F-11D3-BF4B-00C04F79EFBC}") = "Enum Processes", "Enum Processes\Enum Processes.csproj", "{5E4C7AAB-231C-46D8-8AB9-DCD7711EAE0C}"
EndProject
Project("{FAE04EC0-301F-11D3-BF4B-00C04F79EFBC}") = "Process Injection - Thread Hijack (ntdll)", "Process Injection - Thread Hijack (ntdll)\Process Injection - Thread Hijack (ntdll).csproj", "{F2F2558B-CB33-46FD-8CE6-0FD8D538D7BE}"
EndProject
Project("{FAE04EC0-301F-11D3-BF4B-00C04F79EFBC}") = "Process Injection - Thread Hijack (ntdll) Decrypter", "Process Injection - Thread Hijack (ntdll) Decrypter\Process Injection - Thread Hijack (ntdll) Decrypter.csproj", "{9FA8C6F0-7DC7-42CE-88DE-DA752E340516}"
EndProject
Project("{FAE04EC0-301F-11D3-BF4B-00C04F79EFBC}") = "Process Injection - APC", "Process Injection - APC\Process Injection - APC.csproj", "{994537B7-0C5D-40BE-88FD-E67C35362306}"
EndProject
Project("{FAE04EC0-301F-11D3-BF4B-00C04F79EFBC}") = "Process Injection - CreateRemoteThread (ntdll) Decrypter", "Process Injection - CreateRemoteThread (ntdll) Decrypter\Process Injection - CreateRemoteThread (ntdll) Decrypter.csproj", "{3C2155F3-EF5C-4E78-8EAD-AB763AE13C0F}"
EndProject
Project("{FAE04EC0-301F-11D3-BF4B-00C04F79EFBC}") = "Process Injection - APC (ntdll)", "Process Injection - APC (ntdll)\Process Injection - APC (ntdll).csproj", "{74F53A52-742D-43CC-99FD-A6C794F9AB7E}"
EndProject
Project("{FAE04EC0-301F-11D3-BF4B-00C04F79EFBC}") = "Process Injection - APC (ntdll) Decrypter", "Process Injection - APC (ntdll) Decrypter\Process Injection - APC (ntdll) Decrypter.csproj", "{066997F7-FAD2-4402-BCC6-7E29CE6D3A6B}"
EndProject
Project("{FAE04EC0-301F-11D3-BF4B-00C04F79EFBC}") = "PoC - NtCreateUserProcess", "PoC - NtCreateUserProcess\PoC - NtCreateUserProcess.csproj", "{3B2D9241-F7BB-423E-8ECF-AF2EAC428160}"
EndProject
Project("{FAE04EC0-301F-11D3-BF4B-00C04F79EFBC}") = "UAC Bypass 1", "UAC Bypass 1\UAC Bypass 1.csproj", "{F1F6AE9A-3CAA-4E4C-BFCE-8371644EFE78}"
EndProject
Project("{8BC9CEB8-8B4A-11D0-8D11-00A0C91BC942}") = "DLL for Invoke-ReflectivePEInjection - CreateRemoteThread Encrypted", "MessageBoxA DLL\MessageBoxA DLL.vcxproj", "{C16CC6FC-AFFC-4DDE-AC5E-1BD83178DBF3}"
EndProject
Project("{FAE04EC0-301F-11D3-BF4B-00C04F79EFBC}") = "AppLocker Powershell Bypass 1", "AppLocker Powershell Bypass 1\AppLocker Powershell Bypass 1.csproj", "{9E060E5F-DBCC-4B51-9FCF-384619A179C8}"
EndProject
Project("{FAE04EC0-301F-11D3-BF4B-00C04F79EFBC}") = "AppLocker Installutil Bypass 1", "AppLocker Installutil Bypass 1\AppLocker Installutil Bypass 1.csproj", "{89CBCA14-77CF-480B-8EC3-D72AD3FF6AAD}"
EndProject
Project("{FAE04EC0-301F-11D3-BF4B-00C04F79EFBC}") = "AppLocker InstallUtil Bypass 2", "AppLocker InstallUtil Bypass 2\AppLocker InstallUtil Bypass 2.csproj", "{E9425B57-C6FC-4951-B90E-D2B6E0F7CE75}"
EndProject
Project("{FAE04EC0-301F-11D3-BF4B-00C04F79EFBC}") = "AppLocker InstallUtil Bypass - RevShell - clmbypass.exe", "AppLocker InstallUtil Bypass 3\AppLocker InstallUtil Bypass - RevShell - clmbypass.exe.csproj", "{9BA0C6E7-1DDB-4332-BE99-CAB2A6AEFAD4}"
EndProject
Project("{FAE04EC0-301F-11D3-BF4B-00C04F79EFBC}") = "Shell Runner - DLL (192.168.49.65)", "Shell Runner - DLL (192.168.49.65)\Shell Runner - DLL (192.168.49.65).csproj", "{229B5953-C653-442C-AD65-B6E6FAE82E77}"
EndProject
Project("{FAE04EC0-301F-11D3-BF4B-00C04F79EFBC}") = "Token - PrintSpooferNet", "Pipe1\Token - PrintSpooferNet.csproj", "{4A3A6D84-80EC-4DA1-91D5-06786F4312A6}"
EndProject
Project("{FAE04EC0-301F-11D3-BF4B-00C04F79EFBC}") = "Token - SystemShell", "Token2\Token - SystemShell.csproj", "{8238E675-9220-4EAF-9F80-E786923C73BF}"
EndProject
Project("{FAE04EC0-301F-11D3-BF4B-00C04F79EFBC}") = "Token - Meterpreter", "Token3\Token - Meterpreter.csproj", "{ABB418E7-D883-47DD-8503-565D288F27A2}"
EndProject
Project("{FAE04EC0-301F-11D3-BF4B-00C04F79EFBC}") = "Minidump", "Minidump\Minidump.csproj", "{B1AD259E-3B72-4AB1-909A-16F01BC91CAC}"
EndProject
Project("{FAE04EC0-301F-11D3-BF4B-00C04F79EFBC}") = "DLL Injection - RDP Thief", "DLL Injection - RDP Thief\DLL Injection - RDP Thief.csproj", "{1F54947F-9A19-4924-80F0-C2ABE4AA6BFD}"
EndProject
Project("{FAE04EC0-301F-11D3-BF4B-00C04F79EFBC}") = "PsExecLat", "PsExec\PsExecLat.csproj", "{6AD60BED-A37A-402C-B92E-2B2BD72ECEDE}"
EndProject
Project("{FAE04EC0-301F-11D3-BF4B-00C04F79EFBC}") = "Injected DLL - Simple1", "InjectedDLL1\Injected DLL - Simple1.csproj", "{A0E65905-FE0A-411E-86EA-ACC468E1421C}"
EndProject
Project("{FAE04EC0-301F-11D3-BF4B-00C04F79EFBC}") = "MSSQL - Auth1", "MSSQL - Auth1\MSSQL - Auth1.csproj", "{B3EA3D8B-E11C-42C5-B50E-EBDFD7BCA4BA}"
EndProject
Project("{FAE04EC0-301F-11D3-BF4B-00C04F79EFBC}") = "MSSQL - Query1", "MSSQL - Query1\MSSQL - Query1.csproj", "{1136E36D-994F-4CBB-80D3-EE7A31BD8E39}"
EndProject
Project("{FAE04EC0-301F-11D3-BF4B-00C04F79EFBC}") = "MSSQL - xp_dirtree", "MSSQL - xp_dirtree\MSSQL - xp_dirtree.csproj", "{FA560EB4-5749-42A2-BE73-9F6E8959748F}"
EndProject
Project("{FAE04EC0-301F-11D3-BF4B-00C04F79EFBC}") = "MSSQL - Enum Users that can be Impersonated", "MSSQL - Enum Users that can be Impersonated\MSSQL - Enum Users that can be Impersonated.csproj", "{E50CF145-FE2B-424F-8C34-1A54A5F9935D}"
EndProject
Project("{FAE04EC0-301F-11D3-BF4B-00C04F79EFBC}") = "MSSQL - Login Impersonation", "MSSQL - Login Impersonation\MSSQL - Login Impersonation.csproj", "{84B12BDE-F355-4145-983D-4825D02A4628}"
EndProject
Project("{FAE04EC0-301F-11D3-BF4B-00C04F79EFBC}") = "MSSQL - User Impersonation", "MSSQL - User Impersonation\MSSQL - User Impersonation.csproj", "{4F0AB081-500E-4432-ADE0-29FE0A2D0629}"
EndProject
Project("{FAE04EC0-301F-11D3-BF4B-00C04F79EFBC}") = "MSSQL - Execution xp_cmdshell", "MSSQL - Execution xp_cmdshell\MSSQL - Execution xp_cmdshell.csproj", "{22053DD8-8868-448C-9092-8D5EF9289900}"
EndProject
Project("{FAE04EC0-301F-11D3-BF4B-00C04F79EFBC}") = "MSSQL - Execution sp_oacreate", "MSSQL - Execution sp_oacreate\MSSQL - Execution sp_oacreate.csproj", "{FB2711C2-6EF0-468D-B26A-3E688255163C}"
EndProject
Project("{FAE04EC0-301F-11D3-BF4B-00C04F79EFBC}") = "MSSQL - Assembly DLL", "MSSQL - Assembly DLL\MSSQL - Assembly DLL.csproj", "{B1193F2D-4C57-47E3-B1B1-0C563EE01063}"
EndProject
Project("{FAE04EC0-301F-11D3-BF4B-00C04F79EFBC}") = "MSSQL - RunAssembly", "MSSQL - RunAssembly\MSSQL - RunAssembly.csproj", "{88CDCDCD-70A4-47A8-B415-D38D118CBDD9}"
EndProject
Project("{FAE04EC0-301F-11D3-BF4B-00C04F79EFBC}") = "MSSQL - Linked Servers Enum", "MSSQL - Linked Servers\MSSQL - Linked Servers Enum.csproj", "{D72DDDB6-99EA-4531-9027-37C4ED54784E}"
EndProject
Project("{FAE04EC0-301F-11D3-BF4B-00C04F79EFBC}") = "MSSQL - Linked Servers Query Logins", "MSSQL - Linked Servers Query\MSSQL - Linked Servers Query Logins.csproj", "{CC992A03-E24E-4A6D-81D8-472F37991DD1}"
EndProject
Project("{FAE04EC0-301F-11D3-BF4B-00C04F79EFBC}") = "MSSQL - Linked Servers xp_cmdshell", "MSSQL - Linked Servers xp_cmdshell\MSSQL - Linked Servers xp_cmdshell.csproj", "{0F5890A7-7D7C-427A-901A-8227285C3095}"
EndProject
Project("{FAE04EC0-301F-11D3-BF4B-00C04F79EFBC}") = "MSSQL - Linked Servers xp_cmdshell from arbitrary server", "MSSQL - Linked Servers xp_cmdshell from arbitrary server\MSSQL - Linked Servers xp_cmdshell from arbitrary server.csproj", "{1B5A9BCB-554E-4984-A7B4-9991AB3616C7}"
EndProject
Project("{FAE04EC0-301F-11D3-BF4B-00C04F79EFBC}") = "MSSQL - Liked Servers Query Logins from arbitrary server", "MSSQL - Liked Servers Query Logins from arbitrary server\MSSQL - Liked Servers Query Logins from arbitrary server.csproj", "{6278D641-8A3A-4C92-A07E-E829E6FD4346}"
EndProject
Project("{FAE04EC0-301F-11D3-BF4B-00C04F79EFBC}") = "MSSQL - Linked Servers Enum from arbitrary server", "MSSQL - Linked Servers Enum from arbitrary server\MSSQL - Linked Servers Enum from arbitrary server.csproj", "{3B9B614D-729C-49E9-BF7B-23967CFD488A}"
EndProject
Project("{FAE04EC0-301F-11D3-BF4B-00C04F79EFBC}") = "Token - SystemShell - NonInteractive", "Token - SystemShell - NonInteractive\Token - SystemShell - NonInteractive.csproj", "{F249BCC7-FF9A-4695-8B0C-B23A9F897693}"
EndProject
Project("{FAE04EC0-301F-11D3-BF4B-00C04F79EFBC}") = "AddLocalAdmin", "AddLocalAdmin\AddLocalAdmin.csproj", "{A5EEFA18-68C1-44B6-95EF-FE3180E114C9}"
EndProject
Project("{FAE04EC0-301F-11D3-BF4B-00C04F79EFBC}") = "Process Injection - Threat Hijack (ntdll) Decrypter - DLL", "Process Injection - Threat Hijack (ntdll) Decrypter - DLL\Process Injection - Threat Hijack (ntdll) Decrypter - DLL.csproj", "{50E0E6BB-2BB8-4DC0-84F2-881BA4A721A4}"
EndProject
Project("{FAE04EC0-301F-11D3-BF4B-00C04F79EFBC}") = "AppLocker InstallUtil Bypass - Threat Hijacking NTDLL - thijack_un.exe", "AppLocker InstallUtil Bypass - Threat Hijacking NTDLL\AppLocker InstallUtil Bypass - Threat Hijacking NTDLL - thijack_un.exe.csproj", "{9602077A-B7E2-4213-84AB-089EBEA8FBFB}"
EndProject
Project("{FAE04EC0-301F-11D3-BF4B-00C04F79EFBC}") = "Process Injection - CreateRemoteThread Decrypter - DLL", "Process Injection - CreateRemoteThread Decrypter - DLL\Process Injection - CreateRemoteThread Decrypter - DLL.csproj", "{88BBEACC-8BEA-4303-9A7C-9CC8C2C7C23C}"
EndProject
Project("{FAE04EC0-301F-11D3-BF4B-00C04F79EFBC}") = "AppLocker InstallUtil Bypass - CreateRemoteThread - NTDLL - thijack_un2.exe", "AppLocker InstallUtil Bypass - Threat Hijack OpenProcess - NTDLL\AppLocker InstallUtil Bypass - CreateRemoteThread - NTDLL - thijack_un2.exe.csproj", "{EE9FFF23-D30C-4D29-8489-3BCBB74D9720}"
EndProject
Project("{8BC9CEB8-8B4A-11D0-8D11-00A0C91BC942}") = "Process Injection - CreateRemoteThread C", "Process Injection - CreateRemoteThread C\Process Injection - CreateRemoteThread C.vcxproj", "{2615EC53-1A35-4C81-B924-0156EC04E938}"
EndProject
Global
	GlobalSection(SolutionConfigurationPlatforms) = preSolution
		Debug|Any CPU = Debug|Any CPU
		Debug|x64 = Debug|x64
		Debug|x86 = Debug|x86
		Release|Any CPU = Release|Any CPU
		Release|x64 = Release|x64
		Release|x86 = Release|x86
	EndGlobalSection
	GlobalSection(ProjectConfigurationPlatforms) = postSolution
		{A1909D67-1B41-4B64-851B-FD2CF12387B9}.Debug|Any CPU.ActiveCfg = Debug|Any CPU
		{A1909D67-1B41-4B64-851B-FD2CF12387B9}.Debug|Any CPU.Build.0 = Debug|Any CPU
		{A1909D67-1B41-4B64-851B-FD2CF12387B9}.Debug|x64.ActiveCfg = Debug|x64
		{A1909D67-1B41-4B64-851B-FD2CF12387B9}.Debug|x64.Build.0 = Debug|x64
		{A1909D67-1B41-4B64-851B-FD2CF12387B9}.Debug|x86.ActiveCfg = Debug|Any CPU
		{A1909D67-1B41-4B64-851B-FD2CF12387B9}.Release|Any CPU.ActiveCfg = Release|Any CPU
		{A1909D67-1B41-4B64-851B-FD2CF12387B9}.Release|Any CPU.Build.0 = Release|Any CPU
		{A1909D67-1B41-4B64-851B-FD2CF12387B9}.Release|x64.ActiveCfg = Release|x64
		{A1909D67-1B41-4B64-851B-FD2CF12387B9}.Release|x64.Build.0 = Release|x64
		{A1909D67-1B41-4B64-851B-FD2CF12387B9}.Release|x86.ActiveCfg = Release|Any CPU
		{A1909D67-1B41-4B64-851B-FD2CF12387B9}.Release|x86.Build.0 = Release|Any CPU
		{29C3248A-B62D-43D4-ABCB-C43E12DD305B}.Debug|Any CPU.ActiveCfg = Debug|Any CPU
		{29C3248A-B62D-43D4-ABCB-C43E12DD305B}.Debug|Any CPU.Build.0 = Debug|Any CPU
		{29C3248A-B62D-43D4-ABCB-C43E12DD305B}.Debug|x64.ActiveCfg = Debug|x64
		{29C3248A-B62D-43D4-ABCB-C43E12DD305B}.Debug|x64.Build.0 = Debug|x64
		{29C3248A-B62D-43D4-ABCB-C43E12DD305B}.Debug|x86.ActiveCfg = Debug|Any CPU
		{29C3248A-B62D-43D4-ABCB-C43E12DD305B}.Debug|x86.Build.0 = Debug|Any CPU
		{29C3248A-B62D-43D4-ABCB-C43E12DD305B}.Release|Any CPU.ActiveCfg = Release|Any CPU
		{29C3248A-B62D-43D4-ABCB-C43E12DD305B}.Release|Any CPU.Build.0 = Release|Any CPU
		{29C3248A-B62D-43D4-ABCB-C43E12DD305B}.Release|x64.ActiveCfg = Release|x64
		{29C3248A-B62D-43D4-ABCB-C43E12DD305B}.Release|x64.Build.0 = Release|x64
		{29C3248A-B62D-43D4-ABCB-C43E12DD305B}.Release|x86.ActiveCfg = Release|Any CPU
		{29C3248A-B62D-43D4-ABCB-C43E12DD305B}.Release|x86.Build.0 = Release|Any CPU
		{9CA57399-E34A-46F5-AD2A-4936624DC240}.Debug|Any CPU.ActiveCfg = Debug|Any CPU
		{9CA57399-E34A-46F5-AD2A-4936624DC240}.Debug|Any CPU.Build.0 = Debug|Any CPU
		{9CA57399-E34A-46F5-AD2A-4936624DC240}.Debug|x64.ActiveCfg = Debug|x64
		{9CA57399-E34A-46F5-AD2A-4936624DC240}.Debug|x64.Build.0 = Debug|x64
		{9CA57399-E34A-46F5-AD2A-4936624DC240}.Debug|x86.ActiveCfg = Debug|Any CPU
		{9CA57399-E34A-46F5-AD2A-4936624DC240}.Debug|x86.Build.0 = Debug|Any CPU
		{9CA57399-E34A-46F5-AD2A-4936624DC240}.Release|Any CPU.ActiveCfg = Release|x64
		{9CA57399-E34A-46F5-AD2A-4936624DC240}.Release|Any CPU.Build.0 = Release|x64
		{9CA57399-E34A-46F5-AD2A-4936624DC240}.Release|x64.ActiveCfg = Release|x64
		{9CA57399-E34A-46F5-AD2A-4936624DC240}.Release|x64.Build.0 = Release|x64
		{9CA57399-E34A-46F5-AD2A-4936624DC240}.Release|x86.ActiveCfg = Release|Any CPU
		{9CA57399-E34A-46F5-AD2A-4936624DC240}.Release|x86.Build.0 = Release|Any CPU
		{74ACF98E-1B89-4E40-AB0C-7930315389CB}.Debug|Any CPU.ActiveCfg = Debug|Any CPU
		{74ACF98E-1B89-4E40-AB0C-7930315389CB}.Debug|Any CPU.Build.0 = Debug|Any CPU
		{74ACF98E-1B89-4E40-AB0C-7930315389CB}.Debug|x64.ActiveCfg = Debug|x64
		{74ACF98E-1B89-4E40-AB0C-7930315389CB}.Debug|x64.Build.0 = Debug|x64
		{74ACF98E-1B89-4E40-AB0C-7930315389CB}.Debug|x86.ActiveCfg = Debug|Any CPU
		{74ACF98E-1B89-4E40-AB0C-7930315389CB}.Debug|x86.Build.0 = Debug|Any CPU
		{74ACF98E-1B89-4E40-AB0C-7930315389CB}.Release|Any CPU.ActiveCfg = Release|Any CPU
		{74ACF98E-1B89-4E40-AB0C-7930315389CB}.Release|Any CPU.Build.0 = Release|Any CPU
		{74ACF98E-1B89-4E40-AB0C-7930315389CB}.Release|x64.ActiveCfg = Release|x64
		{74ACF98E-1B89-4E40-AB0C-7930315389CB}.Release|x64.Build.0 = Release|x64
		{74ACF98E-1B89-4E40-AB0C-7930315389CB}.Release|x86.ActiveCfg = Release|Any CPU
		{74ACF98E-1B89-4E40-AB0C-7930315389CB}.Release|x86.Build.0 = Release|Any CPU
		{C5A01D76-43FB-4D84-B617-69982A64674F}.Debug|Any CPU.ActiveCfg = Debug|Any CPU
		{C5A01D76-43FB-4D84-B617-69982A64674F}.Debug|Any CPU.Build.0 = Debug|Any CPU
		{C5A01D76-43FB-4D84-B617-69982A64674F}.Debug|x64.ActiveCfg = Debug|x64
		{C5A01D76-43FB-4D84-B617-69982A64674F}.Debug|x64.Build.0 = Debug|x64
		{C5A01D76-43FB-4D84-B617-69982A64674F}.Debug|x86.ActiveCfg = Debug|Any CPU
		{C5A01D76-43FB-4D84-B617-69982A64674F}.Debug|x86.Build.0 = Debug|Any CPU
		{C5A01D76-43FB-4D84-B617-69982A64674F}.Release|Any CPU.ActiveCfg = Release|Any CPU
		{C5A01D76-43FB-4D84-B617-69982A64674F}.Release|Any CPU.Build.0 = Release|Any CPU
		{C5A01D76-43FB-4D84-B617-69982A64674F}.Release|x64.ActiveCfg = Release|x64
		{C5A01D76-43FB-4D84-B617-69982A64674F}.Release|x64.Build.0 = Release|x64
		{C5A01D76-43FB-4D84-B617-69982A64674F}.Release|x86.ActiveCfg = Release|Any CPU
		{C5A01D76-43FB-4D84-B617-69982A64674F}.Release|x86.Build.0 = Release|Any CPU
		{5CF2BFF8-DE14-404A-AEA7-AEAA981FB8F4}.Debug|Any CPU.ActiveCfg = Debug|Any CPU
		{5CF2BFF8-DE14-404A-AEA7-AEAA981FB8F4}.Debug|Any CPU.Build.0 = Debug|Any CPU
		{5CF2BFF8-DE14-404A-AEA7-AEAA981FB8F4}.Debug|x64.ActiveCfg = Debug|x64
		{5CF2BFF8-DE14-404A-AEA7-AEAA981FB8F4}.Debug|x64.Build.0 = Debug|x64
		{5CF2BFF8-DE14-404A-AEA7-AEAA981FB8F4}.Debug|x86.ActiveCfg = Debug|Any CPU
		{5CF2BFF8-DE14-404A-AEA7-AEAA981FB8F4}.Debug|x86.Build.0 = Debug|Any CPU
		{5CF2BFF8-DE14-404A-AEA7-AEAA981FB8F4}.Release|Any CPU.ActiveCfg = Release|Any CPU
		{5CF2BFF8-DE14-404A-AEA7-AEAA981FB8F4}.Release|Any CPU.Build.0 = Release|Any CPU
		{5CF2BFF8-DE14-404A-AEA7-AEAA981FB8F4}.Release|x64.ActiveCfg = Release|x64
		{5CF2BFF8-DE14-404A-AEA7-AEAA981FB8F4}.Release|x64.Build.0 = Release|x64
		{5CF2BFF8-DE14-404A-AEA7-AEAA981FB8F4}.Release|x86.ActiveCfg = Release|Any CPU
		{5CF2BFF8-DE14-404A-AEA7-AEAA981FB8F4}.Release|x86.Build.0 = Release|Any CPU
		{42E2C2AB-11EB-4C74-BF2D-4F1C42E7CDFD}.Debug|Any CPU.ActiveCfg = Debug|Any CPU
		{42E2C2AB-11EB-4C74-BF2D-4F1C42E7CDFD}.Debug|Any CPU.Build.0 = Debug|Any CPU
		{42E2C2AB-11EB-4C74-BF2D-4F1C42E7CDFD}.Debug|x64.ActiveCfg = Debug|x64
		{42E2C2AB-11EB-4C74-BF2D-4F1C42E7CDFD}.Debug|x64.Build.0 = Debug|x64
		{42E2C2AB-11EB-4C74-BF2D-4F1C42E7CDFD}.Debug|x86.ActiveCfg = Debug|Any CPU
		{42E2C2AB-11EB-4C74-BF2D-4F1C42E7CDFD}.Debug|x86.Build.0 = Debug|Any CPU
		{42E2C2AB-11EB-4C74-BF2D-4F1C42E7CDFD}.Release|Any CPU.ActiveCfg = Release|Any CPU
		{42E2C2AB-11EB-4C74-BF2D-4F1C42E7CDFD}.Release|Any CPU.Build.0 = Release|Any CPU
		{42E2C2AB-11EB-4C74-BF2D-4F1C42E7CDFD}.Release|x64.ActiveCfg = Release|x64
		{42E2C2AB-11EB-4C74-BF2D-4F1C42E7CDFD}.Release|x64.Build.0 = Release|x64
		{42E2C2AB-11EB-4C74-BF2D-4F1C42E7CDFD}.Release|x86.ActiveCfg = Release|Any CPU
		{42E2C2AB-11EB-4C74-BF2D-4F1C42E7CDFD}.Release|x86.Build.0 = Release|Any CPU
		{16625B4C-644F-4925-9E34-8DB834B24E9D}.Debug|Any CPU.ActiveCfg = Debug|Any CPU
		{16625B4C-644F-4925-9E34-8DB834B24E9D}.Debug|Any CPU.Build.0 = Debug|Any CPU
		{16625B4C-644F-4925-9E34-8DB834B24E9D}.Debug|x64.ActiveCfg = Debug|x64
		{16625B4C-644F-4925-9E34-8DB834B24E9D}.Debug|x64.Build.0 = Debug|x64
		{16625B4C-644F-4925-9E34-8DB834B24E9D}.Debug|x86.ActiveCfg = Debug|Any CPU
		{16625B4C-644F-4925-9E34-8DB834B24E9D}.Debug|x86.Build.0 = Debug|Any CPU
		{16625B4C-644F-4925-9E34-8DB834B24E9D}.Release|Any CPU.ActiveCfg = Release|Any CPU
		{16625B4C-644F-4925-9E34-8DB834B24E9D}.Release|Any CPU.Build.0 = Release|Any CPU
		{16625B4C-644F-4925-9E34-8DB834B24E9D}.Release|x64.ActiveCfg = Release|x64
		{16625B4C-644F-4925-9E34-8DB834B24E9D}.Release|x64.Build.0 = Release|x64
		{16625B4C-644F-4925-9E34-8DB834B24E9D}.Release|x86.ActiveCfg = Release|Any CPU
		{16625B4C-644F-4925-9E34-8DB834B24E9D}.Release|x86.Build.0 = Release|Any CPU
		{4586528D-6EC4-4AEA-8A58-205A7EF9F62E}.Debug|Any CPU.ActiveCfg = Debug|Any CPU
		{4586528D-6EC4-4AEA-8A58-205A7EF9F62E}.Debug|Any CPU.Build.0 = Debug|Any CPU
		{4586528D-6EC4-4AEA-8A58-205A7EF9F62E}.Debug|x64.ActiveCfg = Debug|x64
		{4586528D-6EC4-4AEA-8A58-205A7EF9F62E}.Debug|x64.Build.0 = Debug|x64
		{4586528D-6EC4-4AEA-8A58-205A7EF9F62E}.Debug|x86.ActiveCfg = Debug|Any CPU
		{4586528D-6EC4-4AEA-8A58-205A7EF9F62E}.Debug|x86.Build.0 = Debug|Any CPU
		{4586528D-6EC4-4AEA-8A58-205A7EF9F62E}.Release|Any CPU.ActiveCfg = Release|Any CPU
		{4586528D-6EC4-4AEA-8A58-205A7EF9F62E}.Release|Any CPU.Build.0 = Release|Any CPU
		{4586528D-6EC4-4AEA-8A58-205A7EF9F62E}.Release|x64.ActiveCfg = Release|x64
		{4586528D-6EC4-4AEA-8A58-205A7EF9F62E}.Release|x64.Build.0 = Release|x64
		{4586528D-6EC4-4AEA-8A58-205A7EF9F62E}.Release|x86.ActiveCfg = Release|Any CPU
		{4586528D-6EC4-4AEA-8A58-205A7EF9F62E}.Release|x86.Build.0 = Release|Any CPU
		{CC9C89C8-A1C4-47D5-8BE3-B17C091FFC69}.Debug|Any CPU.ActiveCfg = Debug|Any CPU
		{CC9C89C8-A1C4-47D5-8BE3-B17C091FFC69}.Debug|Any CPU.Build.0 = Debug|Any CPU
		{CC9C89C8-A1C4-47D5-8BE3-B17C091FFC69}.Debug|x64.ActiveCfg = Debug|x64
		{CC9C89C8-A1C4-47D5-8BE3-B17C091FFC69}.Debug|x64.Build.0 = Debug|x64
		{CC9C89C8-A1C4-47D5-8BE3-B17C091FFC69}.Debug|x86.ActiveCfg = Debug|Any CPU
		{CC9C89C8-A1C4-47D5-8BE3-B17C091FFC69}.Debug|x86.Build.0 = Debug|Any CPU
		{CC9C89C8-A1C4-47D5-8BE3-B17C091FFC69}.Release|Any CPU.ActiveCfg = Release|Any CPU
		{CC9C89C8-A1C4-47D5-8BE3-B17C091FFC69}.Release|Any CPU.Build.0 = Release|Any CPU
		{CC9C89C8-A1C4-47D5-8BE3-B17C091FFC69}.Release|x64.ActiveCfg = Release|x64
		{CC9C89C8-A1C4-47D5-8BE3-B17C091FFC69}.Release|x64.Build.0 = Release|x64
		{CC9C89C8-A1C4-47D5-8BE3-B17C091FFC69}.Release|x86.ActiveCfg = Release|Any CPU
		{CC9C89C8-A1C4-47D5-8BE3-B17C091FFC69}.Release|x86.Build.0 = Release|Any CPU
		{1434D1F1-F6EC-46A8-8C12-2C74F76DA12C}.Debug|Any CPU.ActiveCfg = Debug|Any CPU
		{1434D1F1-F6EC-46A8-8C12-2C74F76DA12C}.Debug|Any CPU.Build.0 = Debug|Any CPU
		{1434D1F1-F6EC-46A8-8C12-2C74F76DA12C}.Debug|x64.ActiveCfg = Debug|x64
		{1434D1F1-F6EC-46A8-8C12-2C74F76DA12C}.Debug|x64.Build.0 = Debug|x64
		{1434D1F1-F6EC-46A8-8C12-2C74F76DA12C}.Debug|x86.ActiveCfg = Debug|Any CPU
		{1434D1F1-F6EC-46A8-8C12-2C74F76DA12C}.Debug|x86.Build.0 = Debug|Any CPU
		{1434D1F1-F6EC-46A8-8C12-2C74F76DA12C}.Release|Any CPU.ActiveCfg = Release|Any CPU
		{1434D1F1-F6EC-46A8-8C12-2C74F76DA12C}.Release|Any CPU.Build.0 = Release|Any CPU
		{1434D1F1-F6EC-46A8-8C12-2C74F76DA12C}.Release|x64.ActiveCfg = Release|x64
		{1434D1F1-F6EC-46A8-8C12-2C74F76DA12C}.Release|x64.Build.0 = Release|x64
		{1434D1F1-F6EC-46A8-8C12-2C74F76DA12C}.Release|x86.ActiveCfg = Release|Any CPU
		{1434D1F1-F6EC-46A8-8C12-2C74F76DA12C}.Release|x86.Build.0 = Release|Any CPU
		{8E1222C0-B20F-4225-B413-AB376E049651}.Debug|Any CPU.ActiveCfg = Debug|Any CPU
		{8E1222C0-B20F-4225-B413-AB376E049651}.Debug|Any CPU.Build.0 = Debug|Any CPU
		{8E1222C0-B20F-4225-B413-AB376E049651}.Debug|x64.ActiveCfg = Debug|x64
		{8E1222C0-B20F-4225-B413-AB376E049651}.Debug|x64.Build.0 = Debug|x64
		{8E1222C0-B20F-4225-B413-AB376E049651}.Debug|x86.ActiveCfg = Debug|Any CPU
		{8E1222C0-B20F-4225-B413-AB376E049651}.Debug|x86.Build.0 = Debug|Any CPU
		{8E1222C0-B20F-4225-B413-AB376E049651}.Release|Any CPU.ActiveCfg = Release|Any CPU
		{8E1222C0-B20F-4225-B413-AB376E049651}.Release|Any CPU.Build.0 = Release|Any CPU
		{8E1222C0-B20F-4225-B413-AB376E049651}.Release|x64.ActiveCfg = Release|x64
		{8E1222C0-B20F-4225-B413-AB376E049651}.Release|x64.Build.0 = Release|x64
		{8E1222C0-B20F-4225-B413-AB376E049651}.Release|x86.ActiveCfg = Release|Any CPU
		{8E1222C0-B20F-4225-B413-AB376E049651}.Release|x86.Build.0 = Release|Any CPU
		{96E1A391-AE07-4DA4-9E2C-F852FCB9B076}.Debug|Any CPU.ActiveCfg = Debug|Any CPU
		{96E1A391-AE07-4DA4-9E2C-F852FCB9B076}.Debug|Any CPU.Build.0 = Debug|Any CPU
		{96E1A391-AE07-4DA4-9E2C-F852FCB9B076}.Debug|x64.ActiveCfg = Debug|x64
		{96E1A391-AE07-4DA4-9E2C-F852FCB9B076}.Debug|x64.Build.0 = Debug|x64
		{96E1A391-AE07-4DA4-9E2C-F852FCB9B076}.Debug|x86.ActiveCfg = Debug|Any CPU
		{96E1A391-AE07-4DA4-9E2C-F852FCB9B076}.Debug|x86.Build.0 = Debug|Any CPU
		{96E1A391-AE07-4DA4-9E2C-F852FCB9B076}.Release|Any CPU.ActiveCfg = Release|Any CPU
		{96E1A391-AE07-4DA4-9E2C-F852FCB9B076}.Release|Any CPU.Build.0 = Release|Any CPU
		{96E1A391-AE07-4DA4-9E2C-F852FCB9B076}.Release|x64.ActiveCfg = Release|x64
		{96E1A391-AE07-4DA4-9E2C-F852FCB9B076}.Release|x64.Build.0 = Release|x64
		{96E1A391-AE07-4DA4-9E2C-F852FCB9B076}.Release|x86.ActiveCfg = Release|Any CPU
		{96E1A391-AE07-4DA4-9E2C-F852FCB9B076}.Release|x86.Build.0 = Release|Any CPU
		{91524BCD-B327-41AA-9615-90864A85303B}.Debug|Any CPU.ActiveCfg = Debug|Any CPU
		{91524BCD-B327-41AA-9615-90864A85303B}.Debug|Any CPU.Build.0 = Debug|Any CPU
		{91524BCD-B327-41AA-9615-90864A85303B}.Debug|x64.ActiveCfg = Debug|x64
		{91524BCD-B327-41AA-9615-90864A85303B}.Debug|x64.Build.0 = Debug|x64
		{91524BCD-B327-41AA-9615-90864A85303B}.Debug|x86.ActiveCfg = Debug|Any CPU
		{91524BCD-B327-41AA-9615-90864A85303B}.Debug|x86.Build.0 = Debug|Any CPU
		{91524BCD-B327-41AA-9615-90864A85303B}.Release|Any CPU.ActiveCfg = Release|Any CPU
		{91524BCD-B327-41AA-9615-90864A85303B}.Release|Any CPU.Build.0 = Release|Any CPU
		{91524BCD-B327-41AA-9615-90864A85303B}.Release|x64.ActiveCfg = Release|x86
		{91524BCD-B327-41AA-9615-90864A85303B}.Release|x64.Build.0 = Release|x86
		{91524BCD-B327-41AA-9615-90864A85303B}.Release|x86.ActiveCfg = Release|Any CPU
		{91524BCD-B327-41AA-9615-90864A85303B}.Release|x86.Build.0 = Release|Any CPU
		{1E1CC2FF-70C7-4C6C-B745-533E8B7A14B8}.Debug|Any CPU.ActiveCfg = Debug|Any CPU
		{1E1CC2FF-70C7-4C6C-B745-533E8B7A14B8}.Debug|Any CPU.Build.0 = Debug|Any CPU
		{1E1CC2FF-70C7-4C6C-B745-533E8B7A14B8}.Debug|x64.ActiveCfg = Debug|x64
		{1E1CC2FF-70C7-4C6C-B745-533E8B7A14B8}.Debug|x64.Build.0 = Debug|x64
		{1E1CC2FF-70C7-4C6C-B745-533E8B7A14B8}.Debug|x86.ActiveCfg = Debug|Any CPU
		{1E1CC2FF-70C7-4C6C-B745-533E8B7A14B8}.Debug|x86.Build.0 = Debug|Any CPU
		{1E1CC2FF-70C7-4C6C-B745-533E8B7A14B8}.Release|Any CPU.ActiveCfg = Release|Any CPU
		{1E1CC2FF-70C7-4C6C-B745-533E8B7A14B8}.Release|Any CPU.Build.0 = Release|Any CPU
		{1E1CC2FF-70C7-4C6C-B745-533E8B7A14B8}.Release|x64.ActiveCfg = Release|x64
		{1E1CC2FF-70C7-4C6C-B745-533E8B7A14B8}.Release|x64.Build.0 = Release|x64
		{1E1CC2FF-70C7-4C6C-B745-533E8B7A14B8}.Release|x86.ActiveCfg = Release|Any CPU
		{1E1CC2FF-70C7-4C6C-B745-533E8B7A14B8}.Release|x86.Build.0 = Release|Any CPU
		{7C4F1B91-A7A1-4E47-B9BF-17D372053DB5}.Debug|Any CPU.ActiveCfg = Debug|Any CPU
		{7C4F1B91-A7A1-4E47-B9BF-17D372053DB5}.Debug|Any CPU.Build.0 = Debug|Any CPU
		{7C4F1B91-A7A1-4E47-B9BF-17D372053DB5}.Debug|x64.ActiveCfg = Debug|x64
		{7C4F1B91-A7A1-4E47-B9BF-17D372053DB5}.Debug|x64.Build.0 = Debug|x64
		{7C4F1B91-A7A1-4E47-B9BF-17D372053DB5}.Debug|x86.ActiveCfg = Debug|Any CPU
		{7C4F1B91-A7A1-4E47-B9BF-17D372053DB5}.Debug|x86.Build.0 = Debug|Any CPU
		{7C4F1B91-A7A1-4E47-B9BF-17D372053DB5}.Release|Any CPU.ActiveCfg = Release|Any CPU
		{7C4F1B91-A7A1-4E47-B9BF-17D372053DB5}.Release|Any CPU.Build.0 = Release|Any CPU
		{7C4F1B91-A7A1-4E47-B9BF-17D372053DB5}.Release|x64.ActiveCfg = Release|x64
		{7C4F1B91-A7A1-4E47-B9BF-17D372053DB5}.Release|x64.Build.0 = Release|x64
		{7C4F1B91-A7A1-4E47-B9BF-17D372053DB5}.Release|x86.ActiveCfg = Release|Any CPU
		{7C4F1B91-A7A1-4E47-B9BF-17D372053DB5}.Release|x86.Build.0 = Release|Any CPU
		{5E4C7AAB-231C-46D8-8AB9-DCD7711EAE0C}.Debug|Any CPU.ActiveCfg = Debug|Any CPU
		{5E4C7AAB-231C-46D8-8AB9-DCD7711EAE0C}.Debug|Any CPU.Build.0 = Debug|Any CPU
		{5E4C7AAB-231C-46D8-8AB9-DCD7711EAE0C}.Debug|x64.ActiveCfg = Debug|x64
		{5E4C7AAB-231C-46D8-8AB9-DCD7711EAE0C}.Debug|x64.Build.0 = Debug|x64
		{5E4C7AAB-231C-46D8-8AB9-DCD7711EAE0C}.Debug|x86.ActiveCfg = Debug|Any CPU
		{5E4C7AAB-231C-46D8-8AB9-DCD7711EAE0C}.Debug|x86.Build.0 = Debug|Any CPU
		{5E4C7AAB-231C-46D8-8AB9-DCD7711EAE0C}.Release|Any CPU.ActiveCfg = Release|Any CPU
		{5E4C7AAB-231C-46D8-8AB9-DCD7711EAE0C}.Release|Any CPU.Build.0 = Release|Any CPU
		{5E4C7AAB-231C-46D8-8AB9-DCD7711EAE0C}.Release|x64.ActiveCfg = Release|x64
		{5E4C7AAB-231C-46D8-8AB9-DCD7711EAE0C}.Release|x64.Build.0 = Release|x64
		{5E4C7AAB-231C-46D8-8AB9-DCD7711EAE0C}.Release|x86.ActiveCfg = Release|Any CPU
		{5E4C7AAB-231C-46D8-8AB9-DCD7711EAE0C}.Release|x86.Build.0 = Release|Any CPU
		{F2F2558B-CB33-46FD-8CE6-0FD8D538D7BE}.Debug|Any CPU.ActiveCfg = Debug|Any CPU
		{F2F2558B-CB33-46FD-8CE6-0FD8D538D7BE}.Debug|Any CPU.Build.0 = Debug|Any CPU
		{F2F2558B-CB33-46FD-8CE6-0FD8D538D7BE}.Debug|x64.ActiveCfg = Debug|x64
		{F2F2558B-CB33-46FD-8CE6-0FD8D538D7BE}.Debug|x64.Build.0 = Debug|x64
		{F2F2558B-CB33-46FD-8CE6-0FD8D538D7BE}.Debug|x86.ActiveCfg = Debug|Any CPU
		{F2F2558B-CB33-46FD-8CE6-0FD8D538D7BE}.Debug|x86.Build.0 = Debug|Any CPU
		{F2F2558B-CB33-46FD-8CE6-0FD8D538D7BE}.Release|Any CPU.ActiveCfg = Release|Any CPU
		{F2F2558B-CB33-46FD-8CE6-0FD8D538D7BE}.Release|Any CPU.Build.0 = Release|Any CPU
		{F2F2558B-CB33-46FD-8CE6-0FD8D538D7BE}.Release|x64.ActiveCfg = Release|x64
		{F2F2558B-CB33-46FD-8CE6-0FD8D538D7BE}.Release|x64.Build.0 = Release|x64
		{F2F2558B-CB33-46FD-8CE6-0FD8D538D7BE}.Release|x86.ActiveCfg = Release|Any CPU
		{F2F2558B-CB33-46FD-8CE6-0FD8D538D7BE}.Release|x86.Build.0 = Release|Any CPU
		{9FA8C6F0-7DC7-42CE-88DE-DA752E340516}.Debug|Any CPU.ActiveCfg = Debug|Any CPU
		{9FA8C6F0-7DC7-42CE-88DE-DA752E340516}.Debug|Any CPU.Build.0 = Debug|Any CPU
		{9FA8C6F0-7DC7-42CE-88DE-DA752E340516}.Debug|x64.ActiveCfg = Debug|x64
		{9FA8C6F0-7DC7-42CE-88DE-DA752E340516}.Debug|x64.Build.0 = Debug|x64
		{9FA8C6F0-7DC7-42CE-88DE-DA752E340516}.Debug|x86.ActiveCfg = Debug|Any CPU
		{9FA8C6F0-7DC7-42CE-88DE-DA752E340516}.Debug|x86.Build.0 = Debug|Any CPU
		{9FA8C6F0-7DC7-42CE-88DE-DA752E340516}.Release|Any CPU.ActiveCfg = Release|Any CPU
		{9FA8C6F0-7DC7-42CE-88DE-DA752E340516}.Release|Any CPU.Build.0 = Release|Any CPU
		{9FA8C6F0-7DC7-42CE-88DE-DA752E340516}.Release|x64.ActiveCfg = Release|x64
		{9FA8C6F0-7DC7-42CE-88DE-DA752E340516}.Release|x64.Build.0 = Release|x64
		{9FA8C6F0-7DC7-42CE-88DE-DA752E340516}.Release|x86.ActiveCfg = Release|Any CPU
		{9FA8C6F0-7DC7-42CE-88DE-DA752E340516}.Release|x86.Build.0 = Release|Any CPU
		{994537B7-0C5D-40BE-88FD-E67C35362306}.Debug|Any CPU.ActiveCfg = Debug|Any CPU
		{994537B7-0C5D-40BE-88FD-E67C35362306}.Debug|Any CPU.Build.0 = Debug|Any CPU
		{994537B7-0C5D-40BE-88FD-E67C35362306}.Debug|x64.ActiveCfg = Debug|x64
		{994537B7-0C5D-40BE-88FD-E67C35362306}.Debug|x64.Build.0 = Debug|x64
		{994537B7-0C5D-40BE-88FD-E67C35362306}.Debug|x86.ActiveCfg = Debug|Any CPU
		{994537B7-0C5D-40BE-88FD-E67C35362306}.Debug|x86.Build.0 = Debug|Any CPU
		{994537B7-0C5D-40BE-88FD-E67C35362306}.Release|Any CPU.ActiveCfg = Release|Any CPU
		{994537B7-0C5D-40BE-88FD-E67C35362306}.Release|Any CPU.Build.0 = Release|Any CPU
		{994537B7-0C5D-40BE-88FD-E67C35362306}.Release|x64.ActiveCfg = Release|x64
		{994537B7-0C5D-40BE-88FD-E67C35362306}.Release|x64.Build.0 = Release|x64
		{994537B7-0C5D-40BE-88FD-E67C35362306}.Release|x86.ActiveCfg = Release|Any CPU
		{994537B7-0C5D-40BE-88FD-E67C35362306}.Release|x86.Build.0 = Release|Any CPU
		{3C2155F3-EF5C-4E78-8EAD-AB763AE13C0F}.Debug|Any CPU.ActiveCfg = Debug|Any CPU
		{3C2155F3-EF5C-4E78-8EAD-AB763AE13C0F}.Debug|Any CPU.Build.0 = Debug|Any CPU
		{3C2155F3-EF5C-4E78-8EAD-AB763AE13C0F}.Debug|x64.ActiveCfg = Debug|x64
		{3C2155F3-EF5C-4E78-8EAD-AB763AE13C0F}.Debug|x64.Build.0 = Debug|x64
		{3C2155F3-EF5C-4E78-8EAD-AB763AE13C0F}.Debug|x86.ActiveCfg = Debug|Any CPU
		{3C2155F3-EF5C-4E78-8EAD-AB763AE13C0F}.Debug|x86.Build.0 = Debug|Any CPU
		{3C2155F3-EF5C-4E78-8EAD-AB763AE13C0F}.Release|Any CPU.ActiveCfg = Release|Any CPU
		{3C2155F3-EF5C-4E78-8EAD-AB763AE13C0F}.Release|Any CPU.Build.0 = Release|Any CPU
		{3C2155F3-EF5C-4E78-8EAD-AB763AE13C0F}.Release|x64.ActiveCfg = Release|x64
		{3C2155F3-EF5C-4E78-8EAD-AB763AE13C0F}.Release|x64.Build.0 = Release|x64
		{3C2155F3-EF5C-4E78-8EAD-AB763AE13C0F}.Release|x86.ActiveCfg = Release|Any CPU
		{3C2155F3-EF5C-4E78-8EAD-AB763AE13C0F}.Release|x86.Build.0 = Release|Any CPU
		{74F53A52-742D-43CC-99FD-A6C794F9AB7E}.Debug|Any CPU.ActiveCfg = Debug|Any CPU
		{74F53A52-742D-43CC-99FD-A6C794F9AB7E}.Debug|Any CPU.Build.0 = Debug|Any CPU
		{74F53A52-742D-43CC-99FD-A6C794F9AB7E}.Debug|x64.ActiveCfg = Debug|x64
		{74F53A52-742D-43CC-99FD-A6C794F9AB7E}.Debug|x64.Build.0 = Debug|x64
		{74F53A52-742D-43CC-99FD-A6C794F9AB7E}.Debug|x86.ActiveCfg = Debug|Any CPU
		{74F53A52-742D-43CC-99FD-A6C794F9AB7E}.Debug|x86.Build.0 = Debug|Any CPU
		{74F53A52-742D-43CC-99FD-A6C794F9AB7E}.Release|Any CPU.ActiveCfg = Release|Any CPU
		{74F53A52-742D-43CC-99FD-A6C794F9AB7E}.Release|Any CPU.Build.0 = Release|Any CPU
		{74F53A52-742D-43CC-99FD-A6C794F9AB7E}.Release|x64.ActiveCfg = Release|x64
		{74F53A52-742D-43CC-99FD-A6C794F9AB7E}.Release|x64.Build.0 = Release|x64
		{74F53A52-742D-43CC-99FD-A6C794F9AB7E}.Release|x86.ActiveCfg = Release|Any CPU
		{74F53A52-742D-43CC-99FD-A6C794F9AB7E}.Release|x86.Build.0 = Release|Any CPU
		{066997F7-FAD2-4402-BCC6-7E29CE6D3A6B}.Debug|Any CPU.ActiveCfg = Debug|Any CPU
		{066997F7-FAD2-4402-BCC6-7E29CE6D3A6B}.Debug|Any CPU.Build.0 = Debug|Any CPU
		{066997F7-FAD2-4402-BCC6-7E29CE6D3A6B}.Debug|x64.ActiveCfg = Debug|x64
		{066997F7-FAD2-4402-BCC6-7E29CE6D3A6B}.Debug|x64.Build.0 = Debug|x64
		{066997F7-FAD2-4402-BCC6-7E29CE6D3A6B}.Debug|x86.ActiveCfg = Debug|Any CPU
		{066997F7-FAD2-4402-BCC6-7E29CE6D3A6B}.Debug|x86.Build.0 = Debug|Any CPU
		{066997F7-FAD2-4402-BCC6-7E29CE6D3A6B}.Release|Any CPU.ActiveCfg = Release|Any CPU
		{066997F7-FAD2-4402-BCC6-7E29CE6D3A6B}.Release|Any CPU.Build.0 = Release|Any CPU
		{066997F7-FAD2-4402-BCC6-7E29CE6D3A6B}.Release|x64.ActiveCfg = Release|x64
		{066997F7-FAD2-4402-BCC6-7E29CE6D3A6B}.Release|x64.Build.0 = Release|x64
		{066997F7-FAD2-4402-BCC6-7E29CE6D3A6B}.Release|x86.ActiveCfg = Release|Any CPU
		{066997F7-FAD2-4402-BCC6-7E29CE6D3A6B}.Release|x86.Build.0 = Release|Any CPU
		{3B2D9241-F7BB-423E-8ECF-AF2EAC428160}.Debug|Any CPU.ActiveCfg = Debug|Any CPU
		{3B2D9241-F7BB-423E-8ECF-AF2EAC428160}.Debug|Any CPU.Build.0 = Debug|Any CPU
		{3B2D9241-F7BB-423E-8ECF-AF2EAC428160}.Debug|x64.ActiveCfg = Debug|x64
		{3B2D9241-F7BB-423E-8ECF-AF2EAC428160}.Debug|x64.Build.0 = Debug|x64
		{3B2D9241-F7BB-423E-8ECF-AF2EAC428160}.Debug|x86.ActiveCfg = Debug|Any CPU
		{3B2D9241-F7BB-423E-8ECF-AF2EAC428160}.Debug|x86.Build.0 = Debug|Any CPU
		{3B2D9241-F7BB-423E-8ECF-AF2EAC428160}.Release|Any CPU.ActiveCfg = Release|Any CPU
		{3B2D9241-F7BB-423E-8ECF-AF2EAC428160}.Release|Any CPU.Build.0 = Release|Any CPU
		{3B2D9241-F7BB-423E-8ECF-AF2EAC428160}.Release|x64.ActiveCfg = Release|x64
		{3B2D9241-F7BB-423E-8ECF-AF2EAC428160}.Release|x64.Build.0 = Release|x64
		{3B2D9241-F7BB-423E-8ECF-AF2EAC428160}.Release|x86.ActiveCfg = Release|Any CPU
		{3B2D9241-F7BB-423E-8ECF-AF2EAC428160}.Release|x86.Build.0 = Release|Any CPU
		{F1F6AE9A-3CAA-4E4C-BFCE-8371644EFE78}.Debug|Any CPU.ActiveCfg = Debug|Any CPU
		{F1F6AE9A-3CAA-4E4C-BFCE-8371644EFE78}.Debug|Any CPU.Build.0 = Debug|Any CPU
		{F1F6AE9A-3CAA-4E4C-BFCE-8371644EFE78}.Debug|x64.ActiveCfg = Debug|Any CPU
		{F1F6AE9A-3CAA-4E4C-BFCE-8371644EFE78}.Debug|x64.Build.0 = Debug|Any CPU
		{F1F6AE9A-3CAA-4E4C-BFCE-8371644EFE78}.Debug|x86.ActiveCfg = Debug|Any CPU
		{F1F6AE9A-3CAA-4E4C-BFCE-8371644EFE78}.Debug|x86.Build.0 = Debug|Any CPU
		{F1F6AE9A-3CAA-4E4C-BFCE-8371644EFE78}.Release|Any CPU.ActiveCfg = Release|Any CPU
		{F1F6AE9A-3CAA-4E4C-BFCE-8371644EFE78}.Release|Any CPU.Build.0 = Release|Any CPU
		{F1F6AE9A-3CAA-4E4C-BFCE-8371644EFE78}.Release|x64.ActiveCfg = Release|x64
		{F1F6AE9A-3CAA-4E4C-BFCE-8371644EFE78}.Release|x64.Build.0 = Release|x64
		{F1F6AE9A-3CAA-4E4C-BFCE-8371644EFE78}.Release|x86.ActiveCfg = Release|Any CPU
		{F1F6AE9A-3CAA-4E4C-BFCE-8371644EFE78}.Release|x86.Build.0 = Release|Any CPU
		{C16CC6FC-AFFC-4DDE-AC5E-1BD83178DBF3}.Debug|Any CPU.ActiveCfg = Debug|Win32
		{C16CC6FC-AFFC-4DDE-AC5E-1BD83178DBF3}.Debug|x64.ActiveCfg = Debug|x64
		{C16CC6FC-AFFC-4DDE-AC5E-1BD83178DBF3}.Debug|x64.Build.0 = Debug|x64
		{C16CC6FC-AFFC-4DDE-AC5E-1BD83178DBF3}.Debug|x86.ActiveCfg = Debug|Win32
		{C16CC6FC-AFFC-4DDE-AC5E-1BD83178DBF3}.Debug|x86.Build.0 = Debug|Win32
		{C16CC6FC-AFFC-4DDE-AC5E-1BD83178DBF3}.Release|Any CPU.ActiveCfg = Release|Win32
		{C16CC6FC-AFFC-4DDE-AC5E-1BD83178DBF3}.Release|x64.ActiveCfg = Release|x64
		{C16CC6FC-AFFC-4DDE-AC5E-1BD83178DBF3}.Release|x64.Build.0 = Release|x64
		{C16CC6FC-AFFC-4DDE-AC5E-1BD83178DBF3}.Release|x86.ActiveCfg = Release|Win32
		{C16CC6FC-AFFC-4DDE-AC5E-1BD83178DBF3}.Release|x86.Build.0 = Release|Win32
		{9E060E5F-DBCC-4B51-9FCF-384619A179C8}.Debug|Any CPU.ActiveCfg = Debug|Any CPU
		{9E060E5F-DBCC-4B51-9FCF-384619A179C8}.Debug|Any CPU.Build.0 = Debug|Any CPU
		{9E060E5F-DBCC-4B51-9FCF-384619A179C8}.Debug|x64.ActiveCfg = Debug|Any CPU
		{9E060E5F-DBCC-4B51-9FCF-384619A179C8}.Debug|x64.Build.0 = Debug|Any CPU
		{9E060E5F-DBCC-4B51-9FCF-384619A179C8}.Debug|x86.ActiveCfg = Debug|Any CPU
		{9E060E5F-DBCC-4B51-9FCF-384619A179C8}.Debug|x86.Build.0 = Debug|Any CPU
		{9E060E5F-DBCC-4B51-9FCF-384619A179C8}.Release|Any CPU.ActiveCfg = Release|Any CPU
		{9E060E5F-DBCC-4B51-9FCF-384619A179C8}.Release|Any CPU.Build.0 = Release|Any CPU
		{9E060E5F-DBCC-4B51-9FCF-384619A179C8}.Release|x64.ActiveCfg = Release|x64
		{9E060E5F-DBCC-4B51-9FCF-384619A179C8}.Release|x64.Build.0 = Release|x64
		{9E060E5F-DBCC-4B51-9FCF-384619A179C8}.Release|x86.ActiveCfg = Release|Any CPU
		{9E060E5F-DBCC-4B51-9FCF-384619A179C8}.Release|x86.Build.0 = Release|Any CPU
		{89CBCA14-77CF-480B-8EC3-D72AD3FF6AAD}.Debug|Any CPU.ActiveCfg = Debug|Any CPU
		{89CBCA14-77CF-480B-8EC3-D72AD3FF6AAD}.Debug|Any CPU.Build.0 = Debug|Any CPU
		{89CBCA14-77CF-480B-8EC3-D72AD3FF6AAD}.Debug|x64.ActiveCfg = Debug|Any CPU
		{89CBCA14-77CF-480B-8EC3-D72AD3FF6AAD}.Debug|x64.Build.0 = Debug|Any CPU
		{89CBCA14-77CF-480B-8EC3-D72AD3FF6AAD}.Debug|x86.ActiveCfg = Debug|Any CPU
		{89CBCA14-77CF-480B-8EC3-D72AD3FF6AAD}.Debug|x86.Build.0 = Debug|Any CPU
		{89CBCA14-77CF-480B-8EC3-D72AD3FF6AAD}.Release|Any CPU.ActiveCfg = Release|Any CPU
		{89CBCA14-77CF-480B-8EC3-D72AD3FF6AAD}.Release|Any CPU.Build.0 = Release|Any CPU
		{89CBCA14-77CF-480B-8EC3-D72AD3FF6AAD}.Release|x64.ActiveCfg = Release|x64
		{89CBCA14-77CF-480B-8EC3-D72AD3FF6AAD}.Release|x64.Build.0 = Release|x64
		{89CBCA14-77CF-480B-8EC3-D72AD3FF6AAD}.Release|x86.ActiveCfg = Release|Any CPU
		{89CBCA14-77CF-480B-8EC3-D72AD3FF6AAD}.Release|x86.Build.0 = Release|Any CPU
		{E9425B57-C6FC-4951-B90E-D2B6E0F7CE75}.Debug|Any CPU.ActiveCfg = Debug|Any CPU
		{E9425B57-C6FC-4951-B90E-D2B6E0F7CE75}.Debug|Any CPU.Build.0 = Debug|Any CPU
		{E9425B57-C6FC-4951-B90E-D2B6E0F7CE75}.Debug|x64.ActiveCfg = Debug|Any CPU
		{E9425B57-C6FC-4951-B90E-D2B6E0F7CE75}.Debug|x64.Build.0 = Debug|Any CPU
		{E9425B57-C6FC-4951-B90E-D2B6E0F7CE75}.Debug|x86.ActiveCfg = Debug|Any CPU
		{E9425B57-C6FC-4951-B90E-D2B6E0F7CE75}.Debug|x86.Build.0 = Debug|Any CPU
		{E9425B57-C6FC-4951-B90E-D2B6E0F7CE75}.Release|Any CPU.ActiveCfg = Release|Any CPU
		{E9425B57-C6FC-4951-B90E-D2B6E0F7CE75}.Release|Any CPU.Build.0 = Release|Any CPU
		{E9425B57-C6FC-4951-B90E-D2B6E0F7CE75}.Release|x64.ActiveCfg = Release|x64
		{E9425B57-C6FC-4951-B90E-D2B6E0F7CE75}.Release|x64.Build.0 = Release|x64
		{E9425B57-C6FC-4951-B90E-D2B6E0F7CE75}.Release|x86.ActiveCfg = Release|Any CPU
		{E9425B57-C6FC-4951-B90E-D2B6E0F7CE75}.Release|x86.Build.0 = Release|Any CPU
		{9BA0C6E7-1DDB-4332-BE99-CAB2A6AEFAD4}.Debug|Any CPU.ActiveCfg = Debug|Any CPU
		{9BA0C6E7-1DDB-4332-BE99-CAB2A6AEFAD4}.Debug|Any CPU.Build.0 = Debug|Any CPU
		{9BA0C6E7-1DDB-4332-BE99-CAB2A6AEFAD4}.Debug|x64.ActiveCfg = Debug|Any CPU
		{9BA0C6E7-1DDB-4332-BE99-CAB2A6AEFAD4}.Debug|x64.Build.0 = Debug|Any CPU
		{9BA0C6E7-1DDB-4332-BE99-CAB2A6AEFAD4}.Debug|x86.ActiveCfg = Debug|Any CPU
		{9BA0C6E7-1DDB-4332-BE99-CAB2A6AEFAD4}.Debug|x86.Build.0 = Debug|Any CPU
		{9BA0C6E7-1DDB-4332-BE99-CAB2A6AEFAD4}.Release|Any CPU.ActiveCfg = Release|Any CPU
		{9BA0C6E7-1DDB-4332-BE99-CAB2A6AEFAD4}.Release|Any CPU.Build.0 = Release|Any CPU
		{9BA0C6E7-1DDB-4332-BE99-CAB2A6AEFAD4}.Release|x64.ActiveCfg = Release|x64
		{9BA0C6E7-1DDB-4332-BE99-CAB2A6AEFAD4}.Release|x64.Build.0 = Release|x64
		{9BA0C6E7-1DDB-4332-BE99-CAB2A6AEFAD4}.Release|x86.ActiveCfg = Release|Any CPU
		{9BA0C6E7-1DDB-4332-BE99-CAB2A6AEFAD4}.Release|x86.Build.0 = Release|Any CPU
		{229B5953-C653-442C-AD65-B6E6FAE82E77}.Debug|Any CPU.ActiveCfg = Debug|Any CPU
		{229B5953-C653-442C-AD65-B6E6FAE82E77}.Debug|Any CPU.Build.0 = Debug|Any CPU
		{229B5953-C653-442C-AD65-B6E6FAE82E77}.Debug|x64.ActiveCfg = Debug|Any CPU
		{229B5953-C653-442C-AD65-B6E6FAE82E77}.Debug|x64.Build.0 = Debug|Any CPU
		{229B5953-C653-442C-AD65-B6E6FAE82E77}.Debug|x86.ActiveCfg = Debug|Any CPU
		{229B5953-C653-442C-AD65-B6E6FAE82E77}.Debug|x86.Build.0 = Debug|Any CPU
		{229B5953-C653-442C-AD65-B6E6FAE82E77}.Release|Any CPU.ActiveCfg = Release|Any CPU
		{229B5953-C653-442C-AD65-B6E6FAE82E77}.Release|Any CPU.Build.0 = Release|Any CPU
		{229B5953-C653-442C-AD65-B6E6FAE82E77}.Release|x64.ActiveCfg = Release|x64
		{229B5953-C653-442C-AD65-B6E6FAE82E77}.Release|x64.Build.0 = Release|x64
		{229B5953-C653-442C-AD65-B6E6FAE82E77}.Release|x86.ActiveCfg = Release|Any CPU
		{229B5953-C653-442C-AD65-B6E6FAE82E77}.Release|x86.Build.0 = Release|Any CPU
		{4A3A6D84-80EC-4DA1-91D5-06786F4312A6}.Debug|Any CPU.ActiveCfg = Debug|Any CPU
		{4A3A6D84-80EC-4DA1-91D5-06786F4312A6}.Debug|Any CPU.Build.0 = Debug|Any CPU
		{4A3A6D84-80EC-4DA1-91D5-06786F4312A6}.Debug|x64.ActiveCfg = Debug|Any CPU
		{4A3A6D84-80EC-4DA1-91D5-06786F4312A6}.Debug|x64.Build.0 = Debug|Any CPU
		{4A3A6D84-80EC-4DA1-91D5-06786F4312A6}.Debug|x86.ActiveCfg = Debug|Any CPU
		{4A3A6D84-80EC-4DA1-91D5-06786F4312A6}.Debug|x86.Build.0 = Debug|Any CPU
		{4A3A6D84-80EC-4DA1-91D5-06786F4312A6}.Release|Any CPU.ActiveCfg = Release|Any CPU
		{4A3A6D84-80EC-4DA1-91D5-06786F4312A6}.Release|Any CPU.Build.0 = Release|Any CPU
		{4A3A6D84-80EC-4DA1-91D5-06786F4312A6}.Release|x64.ActiveCfg = Release|x64
		{4A3A6D84-80EC-4DA1-91D5-06786F4312A6}.Release|x64.Build.0 = Release|x64
		{4A3A6D84-80EC-4DA1-91D5-06786F4312A6}.Release|x86.ActiveCfg = Release|Any CPU
		{4A3A6D84-80EC-4DA1-91D5-06786F4312A6}.Release|x86.Build.0 = Release|Any CPU
		{8238E675-9220-4EAF-9F80-E786923C73BF}.Debug|Any CPU.ActiveCfg = Debug|Any CPU
		{8238E675-9220-4EAF-9F80-E786923C73BF}.Debug|Any CPU.Build.0 = Debug|Any CPU
		{8238E675-9220-4EAF-9F80-E786923C73BF}.Debug|x64.ActiveCfg = Debug|Any CPU
		{8238E675-9220-4EAF-9F80-E786923C73BF}.Debug|x64.Build.0 = Debug|Any CPU
		{8238E675-9220-4EAF-9F80-E786923C73BF}.Debug|x86.ActiveCfg = Debug|Any CPU
		{8238E675-9220-4EAF-9F80-E786923C73BF}.Debug|x86.Build.0 = Debug|Any CPU
		{8238E675-9220-4EAF-9F80-E786923C73BF}.Release|Any CPU.ActiveCfg = Release|Any CPU
		{8238E675-9220-4EAF-9F80-E786923C73BF}.Release|Any CPU.Build.0 = Release|Any CPU
		{8238E675-9220-4EAF-9F80-E786923C73BF}.Release|x64.ActiveCfg = Release|x64
		{8238E675-9220-4EAF-9F80-E786923C73BF}.Release|x64.Build.0 = Release|x64
		{8238E675-9220-4EAF-9F80-E786923C73BF}.Release|x86.ActiveCfg = Release|Any CPU
		{8238E675-9220-4EAF-9F80-E786923C73BF}.Release|x86.Build.0 = Release|Any CPU
		{ABB418E7-D883-47DD-8503-565D288F27A2}.Debug|Any CPU.ActiveCfg = Debug|Any CPU
		{ABB418E7-D883-47DD-8503-565D288F27A2}.Debug|Any CPU.Build.0 = Debug|Any CPU
		{ABB418E7-D883-47DD-8503-565D288F27A2}.Debug|x64.ActiveCfg = Debug|Any CPU
		{ABB418E7-D883-47DD-8503-565D288F27A2}.Debug|x64.Build.0 = Debug|Any CPU
		{ABB418E7-D883-47DD-8503-565D288F27A2}.Debug|x86.ActiveCfg = Debug|Any CPU
		{ABB418E7-D883-47DD-8503-565D288F27A2}.Debug|x86.Build.0 = Debug|Any CPU
		{ABB418E7-D883-47DD-8503-565D288F27A2}.Release|Any CPU.ActiveCfg = Release|Any CPU
		{ABB418E7-D883-47DD-8503-565D288F27A2}.Release|Any CPU.Build.0 = Release|Any CPU
		{ABB418E7-D883-47DD-8503-565D288F27A2}.Release|x64.ActiveCfg = Release|x64
		{ABB418E7-D883-47DD-8503-565D288F27A2}.Release|x64.Build.0 = Release|x64
		{ABB418E7-D883-47DD-8503-565D288F27A2}.Release|x86.ActiveCfg = Release|Any CPU
		{ABB418E7-D883-47DD-8503-565D288F27A2}.Release|x86.Build.0 = Release|Any CPU
		{B1AD259E-3B72-4AB1-909A-16F01BC91CAC}.Debug|Any CPU.ActiveCfg = Debug|Any CPU
		{B1AD259E-3B72-4AB1-909A-16F01BC91CAC}.Debug|Any CPU.Build.0 = Debug|Any CPU
		{B1AD259E-3B72-4AB1-909A-16F01BC91CAC}.Debug|x64.ActiveCfg = Debug|Any CPU
		{B1AD259E-3B72-4AB1-909A-16F01BC91CAC}.Debug|x64.Build.0 = Debug|Any CPU
		{B1AD259E-3B72-4AB1-909A-16F01BC91CAC}.Debug|x86.ActiveCfg = Debug|Any CPU
		{B1AD259E-3B72-4AB1-909A-16F01BC91CAC}.Debug|x86.Build.0 = Debug|Any CPU
		{B1AD259E-3B72-4AB1-909A-16F01BC91CAC}.Release|Any CPU.ActiveCfg = Release|Any CPU
		{B1AD259E-3B72-4AB1-909A-16F01BC91CAC}.Release|Any CPU.Build.0 = Release|Any CPU
		{B1AD259E-3B72-4AB1-909A-16F01BC91CAC}.Release|x64.ActiveCfg = Release|x64
		{B1AD259E-3B72-4AB1-909A-16F01BC91CAC}.Release|x64.Build.0 = Release|x64
		{B1AD259E-3B72-4AB1-909A-16F01BC91CAC}.Release|x86.ActiveCfg = Release|Any CPU
		{B1AD259E-3B72-4AB1-909A-16F01BC91CAC}.Release|x86.Build.0 = Release|Any CPU
		{1F54947F-9A19-4924-80F0-C2ABE4AA6BFD}.Debug|Any CPU.ActiveCfg = Debug|Any CPU
		{1F54947F-9A19-4924-80F0-C2ABE4AA6BFD}.Debug|Any CPU.Build.0 = Debug|Any CPU
		{1F54947F-9A19-4924-80F0-C2ABE4AA6BFD}.Debug|x64.ActiveCfg = Debug|Any CPU
		{1F54947F-9A19-4924-80F0-C2ABE4AA6BFD}.Debug|x64.Build.0 = Debug|Any CPU
		{1F54947F-9A19-4924-80F0-C2ABE4AA6BFD}.Debug|x86.ActiveCfg = Debug|Any CPU
		{1F54947F-9A19-4924-80F0-C2ABE4AA6BFD}.Debug|x86.Build.0 = Debug|Any CPU
		{1F54947F-9A19-4924-80F0-C2ABE4AA6BFD}.Release|Any CPU.ActiveCfg = Release|Any CPU
		{1F54947F-9A19-4924-80F0-C2ABE4AA6BFD}.Release|Any CPU.Build.0 = Release|Any CPU
		{1F54947F-9A19-4924-80F0-C2ABE4AA6BFD}.Release|x64.ActiveCfg = Release|x64
		{1F54947F-9A19-4924-80F0-C2ABE4AA6BFD}.Release|x64.Build.0 = Release|x64
		{1F54947F-9A19-4924-80F0-C2ABE4AA6BFD}.Release|x86.ActiveCfg = Release|Any CPU
		{1F54947F-9A19-4924-80F0-C2ABE4AA6BFD}.Release|x86.Build.0 = Release|Any CPU
		{6AD60BED-A37A-402C-B92E-2B2BD72ECEDE}.Debug|Any CPU.ActiveCfg = Debug|Any CPU
		{6AD60BED-A37A-402C-B92E-2B2BD72ECEDE}.Debug|Any CPU.Build.0 = Debug|Any CPU
		{6AD60BED-A37A-402C-B92E-2B2BD72ECEDE}.Debug|x64.ActiveCfg = Debug|Any CPU
		{6AD60BED-A37A-402C-B92E-2B2BD72ECEDE}.Debug|x64.Build.0 = Debug|Any CPU
		{6AD60BED-A37A-402C-B92E-2B2BD72ECEDE}.Debug|x86.ActiveCfg = Debug|Any CPU
		{6AD60BED-A37A-402C-B92E-2B2BD72ECEDE}.Debug|x86.Build.0 = Debug|Any CPU
		{6AD60BED-A37A-402C-B92E-2B2BD72ECEDE}.Release|Any CPU.ActiveCfg = Release|Any CPU
		{6AD60BED-A37A-402C-B92E-2B2BD72ECEDE}.Release|Any CPU.Build.0 = Release|Any CPU
		{6AD60BED-A37A-402C-B92E-2B2BD72ECEDE}.Release|x64.ActiveCfg = Release|x64
		{6AD60BED-A37A-402C-B92E-2B2BD72ECEDE}.Release|x64.Build.0 = Release|x64
		{6AD60BED-A37A-402C-B92E-2B2BD72ECEDE}.Release|x86.ActiveCfg = Release|Any CPU
		{6AD60BED-A37A-402C-B92E-2B2BD72ECEDE}.Release|x86.Build.0 = Release|Any CPU
		{A0E65905-FE0A-411E-86EA-ACC468E1421C}.Debug|Any CPU.ActiveCfg = Debug|Any CPU
		{A0E65905-FE0A-411E-86EA-ACC468E1421C}.Debug|Any CPU.Build.0 = Debug|Any CPU
		{A0E65905-FE0A-411E-86EA-ACC468E1421C}.Debug|x64.ActiveCfg = Debug|Any CPU
		{A0E65905-FE0A-411E-86EA-ACC468E1421C}.Debug|x64.Build.0 = Debug|Any CPU
		{A0E65905-FE0A-411E-86EA-ACC468E1421C}.Debug|x86.ActiveCfg = Debug|Any CPU
		{A0E65905-FE0A-411E-86EA-ACC468E1421C}.Debug|x86.Build.0 = Debug|Any CPU
		{A0E65905-FE0A-411E-86EA-ACC468E1421C}.Release|Any CPU.ActiveCfg = Release|Any CPU
		{A0E65905-FE0A-411E-86EA-ACC468E1421C}.Release|Any CPU.Build.0 = Release|Any CPU
		{A0E65905-FE0A-411E-86EA-ACC468E1421C}.Release|x64.ActiveCfg = Release|x64
		{A0E65905-FE0A-411E-86EA-ACC468E1421C}.Release|x64.Build.0 = Release|x64
		{A0E65905-FE0A-411E-86EA-ACC468E1421C}.Release|x86.ActiveCfg = Release|Any CPU
		{A0E65905-FE0A-411E-86EA-ACC468E1421C}.Release|x86.Build.0 = Release|Any CPU
		{B3EA3D8B-E11C-42C5-B50E-EBDFD7BCA4BA}.Debug|Any CPU.ActiveCfg = Debug|Any CPU
		{B3EA3D8B-E11C-42C5-B50E-EBDFD7BCA4BA}.Debug|Any CPU.Build.0 = Debug|Any CPU
		{B3EA3D8B-E11C-42C5-B50E-EBDFD7BCA4BA}.Debug|x64.ActiveCfg = Debug|Any CPU
		{B3EA3D8B-E11C-42C5-B50E-EBDFD7BCA4BA}.Debug|x64.Build.0 = Debug|Any CPU
		{B3EA3D8B-E11C-42C5-B50E-EBDFD7BCA4BA}.Debug|x86.ActiveCfg = Debug|Any CPU
		{B3EA3D8B-E11C-42C5-B50E-EBDFD7BCA4BA}.Debug|x86.Build.0 = Debug|Any CPU
		{B3EA3D8B-E11C-42C5-B50E-EBDFD7BCA4BA}.Release|Any CPU.ActiveCfg = Release|Any CPU
		{B3EA3D8B-E11C-42C5-B50E-EBDFD7BCA4BA}.Release|Any CPU.Build.0 = Release|Any CPU
		{B3EA3D8B-E11C-42C5-B50E-EBDFD7BCA4BA}.Release|x64.ActiveCfg = Release|x64
		{B3EA3D8B-E11C-42C5-B50E-EBDFD7BCA4BA}.Release|x64.Build.0 = Release|x64
		{B3EA3D8B-E11C-42C5-B50E-EBDFD7BCA4BA}.Release|x86.ActiveCfg = Release|Any CPU
		{B3EA3D8B-E11C-42C5-B50E-EBDFD7BCA4BA}.Release|x86.Build.0 = Release|Any CPU
		{1136E36D-994F-4CBB-80D3-EE7A31BD8E39}.Debug|Any CPU.ActiveCfg = Debug|Any CPU
		{1136E36D-994F-4CBB-80D3-EE7A31BD8E39}.Debug|Any CPU.Build.0 = Debug|Any CPU
		{1136E36D-994F-4CBB-80D3-EE7A31BD8E39}.Debug|x64.ActiveCfg = Debug|Any CPU
		{1136E36D-994F-4CBB-80D3-EE7A31BD8E39}.Debug|x64.Build.0 = Debug|Any CPU
		{1136E36D-994F-4CBB-80D3-EE7A31BD8E39}.Debug|x86.ActiveCfg = Debug|Any CPU
		{1136E36D-994F-4CBB-80D3-EE7A31BD8E39}.Debug|x86.Build.0 = Debug|Any CPU
		{1136E36D-994F-4CBB-80D3-EE7A31BD8E39}.Release|Any CPU.ActiveCfg = Release|Any CPU
		{1136E36D-994F-4CBB-80D3-EE7A31BD8E39}.Release|Any CPU.Build.0 = Release|Any CPU
		{1136E36D-994F-4CBB-80D3-EE7A31BD8E39}.Release|x64.ActiveCfg = Release|x64
		{1136E36D-994F-4CBB-80D3-EE7A31BD8E39}.Release|x64.Build.0 = Release|x64
		{1136E36D-994F-4CBB-80D3-EE7A31BD8E39}.Release|x86.ActiveCfg = Release|Any CPU
		{1136E36D-994F-4CBB-80D3-EE7A31BD8E39}.Release|x86.Build.0 = Release|Any CPU
		{FA560EB4-5749-42A2-BE73-9F6E8959748F}.Debug|Any CPU.ActiveCfg = Debug|Any CPU
		{FA560EB4-5749-42A2-BE73-9F6E8959748F}.Debug|Any CPU.Build.0 = Debug|Any CPU
		{FA560EB4-5749-42A2-BE73-9F6E8959748F}.Debug|x64.ActiveCfg = Debug|Any CPU
		{FA560EB4-5749-42A2-BE73-9F6E8959748F}.Debug|x64.Build.0 = Debug|Any CPU
		{FA560EB4-5749-42A2-BE73-9F6E8959748F}.Debug|x86.ActiveCfg = Debug|Any CPU
		{FA560EB4-5749-42A2-BE73-9F6E8959748F}.Debug|x86.Build.0 = Debug|Any CPU
		{FA560EB4-5749-42A2-BE73-9F6E8959748F}.Release|Any CPU.ActiveCfg = Release|Any CPU
		{FA560EB4-5749-42A2-BE73-9F6E8959748F}.Release|Any CPU.Build.0 = Release|Any CPU
		{FA560EB4-5749-42A2-BE73-9F6E8959748F}.Release|x64.ActiveCfg = Release|x64
		{FA560EB4-5749-42A2-BE73-9F6E8959748F}.Release|x64.Build.0 = Release|x64
		{FA560EB4-5749-42A2-BE73-9F6E8959748F}.Release|x86.ActiveCfg = Release|Any CPU
		{FA560EB4-5749-42A2-BE73-9F6E8959748F}.Release|x86.Build.0 = Release|Any CPU
		{E50CF145-FE2B-424F-8C34-1A54A5F9935D}.Debug|Any CPU.ActiveCfg = Debug|Any CPU
		{E50CF145-FE2B-424F-8C34-1A54A5F9935D}.Debug|Any CPU.Build.0 = Debug|Any CPU
		{E50CF145-FE2B-424F-8C34-1A54A5F9935D}.Debug|x64.ActiveCfg = Debug|Any CPU
		{E50CF145-FE2B-424F-8C34-1A54A5F9935D}.Debug|x64.Build.0 = Debug|Any CPU
		{E50CF145-FE2B-424F-8C34-1A54A5F9935D}.Debug|x86.ActiveCfg = Debug|Any CPU
		{E50CF145-FE2B-424F-8C34-1A54A5F9935D}.Debug|x86.Build.0 = Debug|Any CPU
		{E50CF145-FE2B-424F-8C34-1A54A5F9935D}.Release|Any CPU.ActiveCfg = Release|Any CPU
		{E50CF145-FE2B-424F-8C34-1A54A5F9935D}.Release|Any CPU.Build.0 = Release|Any CPU
		{E50CF145-FE2B-424F-8C34-1A54A5F9935D}.Release|x64.ActiveCfg = Release|x64
		{E50CF145-FE2B-424F-8C34-1A54A5F9935D}.Release|x64.Build.0 = Release|x64
		{E50CF145-FE2B-424F-8C34-1A54A5F9935D}.Release|x86.ActiveCfg = Release|Any CPU
		{E50CF145-FE2B-424F-8C34-1A54A5F9935D}.Release|x86.Build.0 = Release|Any CPU
		{84B12BDE-F355-4145-983D-4825D02A4628}.Debug|Any CPU.ActiveCfg = Debug|Any CPU
		{84B12BDE-F355-4145-983D-4825D02A4628}.Debug|Any CPU.Build.0 = Debug|Any CPU
		{84B12BDE-F355-4145-983D-4825D02A4628}.Debug|x64.ActiveCfg = Debug|Any CPU
		{84B12BDE-F355-4145-983D-4825D02A4628}.Debug|x64.Build.0 = Debug|Any CPU
		{84B12BDE-F355-4145-983D-4825D02A4628}.Debug|x86.ActiveCfg = Debug|Any CPU
		{84B12BDE-F355-4145-983D-4825D02A4628}.Debug|x86.Build.0 = Debug|Any CPU
		{84B12BDE-F355-4145-983D-4825D02A4628}.Release|Any CPU.ActiveCfg = Release|Any CPU
		{84B12BDE-F355-4145-983D-4825D02A4628}.Release|Any CPU.Build.0 = Release|Any CPU
		{84B12BDE-F355-4145-983D-4825D02A4628}.Release|x64.ActiveCfg = Release|x64
		{84B12BDE-F355-4145-983D-4825D02A4628}.Release|x64.Build.0 = Release|x64
		{84B12BDE-F355-4145-983D-4825D02A4628}.Release|x86.ActiveCfg = Release|Any CPU
		{84B12BDE-F355-4145-983D-4825D02A4628}.Release|x86.Build.0 = Release|Any CPU
		{4F0AB081-500E-4432-ADE0-29FE0A2D0629}.Debug|Any CPU.ActiveCfg = Debug|Any CPU
		{4F0AB081-500E-4432-ADE0-29FE0A2D0629}.Debug|Any CPU.Build.0 = Debug|Any CPU
		{4F0AB081-500E-4432-ADE0-29FE0A2D0629}.Debug|x64.ActiveCfg = Debug|Any CPU
		{4F0AB081-500E-4432-ADE0-29FE0A2D0629}.Debug|x64.Build.0 = Debug|Any CPU
		{4F0AB081-500E-4432-ADE0-29FE0A2D0629}.Debug|x86.ActiveCfg = Debug|Any CPU
		{4F0AB081-500E-4432-ADE0-29FE0A2D0629}.Debug|x86.Build.0 = Debug|Any CPU
		{4F0AB081-500E-4432-ADE0-29FE0A2D0629}.Release|Any CPU.ActiveCfg = Release|Any CPU
		{4F0AB081-500E-4432-ADE0-29FE0A2D0629}.Release|Any CPU.Build.0 = Release|Any CPU
		{4F0AB081-500E-4432-ADE0-29FE0A2D0629}.Release|x64.ActiveCfg = Release|x64
		{4F0AB081-500E-4432-ADE0-29FE0A2D0629}.Release|x64.Build.0 = Release|x64
		{4F0AB081-500E-4432-ADE0-29FE0A2D0629}.Release|x86.ActiveCfg = Release|Any CPU
		{4F0AB081-500E-4432-ADE0-29FE0A2D0629}.Release|x86.Build.0 = Release|Any CPU
		{22053DD8-8868-448C-9092-8D5EF9289900}.Debug|Any CPU.ActiveCfg = Debug|Any CPU
		{22053DD8-8868-448C-9092-8D5EF9289900}.Debug|Any CPU.Build.0 = Debug|Any CPU
		{22053DD8-8868-448C-9092-8D5EF9289900}.Debug|x64.ActiveCfg = Debug|Any CPU
		{22053DD8-8868-448C-9092-8D5EF9289900}.Debug|x64.Build.0 = Debug|Any CPU
		{22053DD8-8868-448C-9092-8D5EF9289900}.Debug|x86.ActiveCfg = Debug|Any CPU
		{22053DD8-8868-448C-9092-8D5EF9289900}.Debug|x86.Build.0 = Debug|Any CPU
		{22053DD8-8868-448C-9092-8D5EF9289900}.Release|Any CPU.ActiveCfg = Release|Any CPU
		{22053DD8-8868-448C-9092-8D5EF9289900}.Release|Any CPU.Build.0 = Release|Any CPU
		{22053DD8-8868-448C-9092-8D5EF9289900}.Release|x64.ActiveCfg = Release|x64
		{22053DD8-8868-448C-9092-8D5EF9289900}.Release|x64.Build.0 = Release|x64
		{22053DD8-8868-448C-9092-8D5EF9289900}.Release|x86.ActiveCfg = Release|Any CPU
		{22053DD8-8868-448C-9092-8D5EF9289900}.Release|x86.Build.0 = Release|Any CPU
		{FB2711C2-6EF0-468D-B26A-3E688255163C}.Debug|Any CPU.ActiveCfg = Debug|Any CPU
		{FB2711C2-6EF0-468D-B26A-3E688255163C}.Debug|Any CPU.Build.0 = Debug|Any CPU
		{FB2711C2-6EF0-468D-B26A-3E688255163C}.Debug|x64.ActiveCfg = Debug|Any CPU
		{FB2711C2-6EF0-468D-B26A-3E688255163C}.Debug|x64.Build.0 = Debug|Any CPU
		{FB2711C2-6EF0-468D-B26A-3E688255163C}.Debug|x86.ActiveCfg = Debug|Any CPU
		{FB2711C2-6EF0-468D-B26A-3E688255163C}.Debug|x86.Build.0 = Debug|Any CPU
		{FB2711C2-6EF0-468D-B26A-3E688255163C}.Release|Any CPU.ActiveCfg = Release|Any CPU
		{FB2711C2-6EF0-468D-B26A-3E688255163C}.Release|Any CPU.Build.0 = Release|Any CPU
		{FB2711C2-6EF0-468D-B26A-3E688255163C}.Release|x64.ActiveCfg = Release|x64
		{FB2711C2-6EF0-468D-B26A-3E688255163C}.Release|x64.Build.0 = Release|x64
		{FB2711C2-6EF0-468D-B26A-3E688255163C}.Release|x86.ActiveCfg = Release|Any CPU
		{FB2711C2-6EF0-468D-B26A-3E688255163C}.Release|x86.Build.0 = Release|Any CPU
		{B1193F2D-4C57-47E3-B1B1-0C563EE01063}.Debug|Any CPU.ActiveCfg = Debug|Any CPU
		{B1193F2D-4C57-47E3-B1B1-0C563EE01063}.Debug|Any CPU.Build.0 = Debug|Any CPU
		{B1193F2D-4C57-47E3-B1B1-0C563EE01063}.Debug|x64.ActiveCfg = Debug|Any CPU
		{B1193F2D-4C57-47E3-B1B1-0C563EE01063}.Debug|x64.Build.0 = Debug|Any CPU
		{B1193F2D-4C57-47E3-B1B1-0C563EE01063}.Debug|x86.ActiveCfg = Debug|Any CPU
		{B1193F2D-4C57-47E3-B1B1-0C563EE01063}.Debug|x86.Build.0 = Debug|Any CPU
		{B1193F2D-4C57-47E3-B1B1-0C563EE01063}.Release|Any CPU.ActiveCfg = Release|Any CPU
		{B1193F2D-4C57-47E3-B1B1-0C563EE01063}.Release|Any CPU.Build.0 = Release|Any CPU
		{B1193F2D-4C57-47E3-B1B1-0C563EE01063}.Release|x64.ActiveCfg = Release|x64
		{B1193F2D-4C57-47E3-B1B1-0C563EE01063}.Release|x64.Build.0 = Release|x64
		{B1193F2D-4C57-47E3-B1B1-0C563EE01063}.Release|x86.ActiveCfg = Release|Any CPU
		{B1193F2D-4C57-47E3-B1B1-0C563EE01063}.Release|x86.Build.0 = Release|Any CPU
		{88CDCDCD-70A4-47A8-B415-D38D118CBDD9}.Debug|Any CPU.ActiveCfg = Debug|Any CPU
		{88CDCDCD-70A4-47A8-B415-D38D118CBDD9}.Debug|Any CPU.Build.0 = Debug|Any CPU
		{88CDCDCD-70A4-47A8-B415-D38D118CBDD9}.Debug|x64.ActiveCfg = Debug|Any CPU
		{88CDCDCD-70A4-47A8-B415-D38D118CBDD9}.Debug|x64.Build.0 = Debug|Any CPU
		{88CDCDCD-70A4-47A8-B415-D38D118CBDD9}.Debug|x86.ActiveCfg = Debug|Any CPU
		{88CDCDCD-70A4-47A8-B415-D38D118CBDD9}.Debug|x86.Build.0 = Debug|Any CPU
		{88CDCDCD-70A4-47A8-B415-D38D118CBDD9}.Release|Any CPU.ActiveCfg = Release|Any CPU
		{88CDCDCD-70A4-47A8-B415-D38D118CBDD9}.Release|Any CPU.Build.0 = Release|Any CPU
		{88CDCDCD-70A4-47A8-B415-D38D118CBDD9}.Release|x64.ActiveCfg = Release|x64
		{88CDCDCD-70A4-47A8-B415-D38D118CBDD9}.Release|x64.Build.0 = Release|x64
		{88CDCDCD-70A4-47A8-B415-D38D118CBDD9}.Release|x86.ActiveCfg = Release|Any CPU
		{88CDCDCD-70A4-47A8-B415-D38D118CBDD9}.Release|x86.Build.0 = Release|Any CPU
		{D72DDDB6-99EA-4531-9027-37C4ED54784E}.Debug|Any CPU.ActiveCfg = Debug|Any CPU
		{D72DDDB6-99EA-4531-9027-37C4ED54784E}.Debug|Any CPU.Build.0 = Debug|Any CPU
		{D72DDDB6-99EA-4531-9027-37C4ED54784E}.Debug|x64.ActiveCfg = Debug|Any CPU
		{D72DDDB6-99EA-4531-9027-37C4ED54784E}.Debug|x64.Build.0 = Debug|Any CPU
		{D72DDDB6-99EA-4531-9027-37C4ED54784E}.Debug|x86.ActiveCfg = Debug|Any CPU
		{D72DDDB6-99EA-4531-9027-37C4ED54784E}.Debug|x86.Build.0 = Debug|Any CPU
		{D72DDDB6-99EA-4531-9027-37C4ED54784E}.Release|Any CPU.ActiveCfg = Release|Any CPU
		{D72DDDB6-99EA-4531-9027-37C4ED54784E}.Release|Any CPU.Build.0 = Release|Any CPU
		{D72DDDB6-99EA-4531-9027-37C4ED54784E}.Release|x64.ActiveCfg = Release|x64
		{D72DDDB6-99EA-4531-9027-37C4ED54784E}.Release|x64.Build.0 = Release|x64
		{D72DDDB6-99EA-4531-9027-37C4ED54784E}.Release|x86.ActiveCfg = Release|Any CPU
		{D72DDDB6-99EA-4531-9027-37C4ED54784E}.Release|x86.Build.0 = Release|Any CPU
		{CC992A03-E24E-4A6D-81D8-472F37991DD1}.Debug|Any CPU.ActiveCfg = Debug|Any CPU
		{CC992A03-E24E-4A6D-81D8-472F37991DD1}.Debug|Any CPU.Build.0 = Debug|Any CPU
		{CC992A03-E24E-4A6D-81D8-472F37991DD1}.Debug|x64.ActiveCfg = Debug|Any CPU
		{CC992A03-E24E-4A6D-81D8-472F37991DD1}.Debug|x64.Build.0 = Debug|Any CPU
		{CC992A03-E24E-4A6D-81D8-472F37991DD1}.Debug|x86.ActiveCfg = Debug|Any CPU
		{CC992A03-E24E-4A6D-81D8-472F37991DD1}.Debug|x86.Build.0 = Debug|Any CPU
		{CC992A03-E24E-4A6D-81D8-472F37991DD1}.Release|Any CPU.ActiveCfg = Release|Any CPU
		{CC992A03-E24E-4A6D-81D8-472F37991DD1}.Release|Any CPU.Build.0 = Release|Any CPU
		{CC992A03-E24E-4A6D-81D8-472F37991DD1}.Release|x64.ActiveCfg = Release|x64
		{CC992A03-E24E-4A6D-81D8-472F37991DD1}.Release|x64.Build.0 = Release|x64
		{CC992A03-E24E-4A6D-81D8-472F37991DD1}.Release|x86.ActiveCfg = Release|Any CPU
		{CC992A03-E24E-4A6D-81D8-472F37991DD1}.Release|x86.Build.0 = Release|Any CPU
		{0F5890A7-7D7C-427A-901A-8227285C3095}.Debug|Any CPU.ActiveCfg = Debug|Any CPU
		{0F5890A7-7D7C-427A-901A-8227285C3095}.Debug|Any CPU.Build.0 = Debug|Any CPU
		{0F5890A7-7D7C-427A-901A-8227285C3095}.Debug|x64.ActiveCfg = Debug|Any CPU
		{0F5890A7-7D7C-427A-901A-8227285C3095}.Debug|x64.Build.0 = Debug|Any CPU
		{0F5890A7-7D7C-427A-901A-8227285C3095}.Debug|x86.ActiveCfg = Debug|Any CPU
		{0F5890A7-7D7C-427A-901A-8227285C3095}.Debug|x86.Build.0 = Debug|Any CPU
		{0F5890A7-7D7C-427A-901A-8227285C3095}.Release|Any CPU.ActiveCfg = Release|Any CPU
		{0F5890A7-7D7C-427A-901A-8227285C3095}.Release|Any CPU.Build.0 = Release|Any CPU
		{0F5890A7-7D7C-427A-901A-8227285C3095}.Release|x64.ActiveCfg = Release|x64
		{0F5890A7-7D7C-427A-901A-8227285C3095}.Release|x64.Build.0 = Release|x64
		{0F5890A7-7D7C-427A-901A-8227285C3095}.Release|x86.ActiveCfg = Release|Any CPU
		{0F5890A7-7D7C-427A-901A-8227285C3095}.Release|x86.Build.0 = Release|Any CPU
		{1B5A9BCB-554E-4984-A7B4-9991AB3616C7}.Debug|Any CPU.ActiveCfg = Debug|Any CPU
		{1B5A9BCB-554E-4984-A7B4-9991AB3616C7}.Debug|Any CPU.Build.0 = Debug|Any CPU
		{1B5A9BCB-554E-4984-A7B4-9991AB3616C7}.Debug|x64.ActiveCfg = Debug|Any CPU
		{1B5A9BCB-554E-4984-A7B4-9991AB3616C7}.Debug|x64.Build.0 = Debug|Any CPU
		{1B5A9BCB-554E-4984-A7B4-9991AB3616C7}.Debug|x86.ActiveCfg = Debug|Any CPU
		{1B5A9BCB-554E-4984-A7B4-9991AB3616C7}.Debug|x86.Build.0 = Debug|Any CPU
		{1B5A9BCB-554E-4984-A7B4-9991AB3616C7}.Release|Any CPU.ActiveCfg = Release|Any CPU
		{1B5A9BCB-554E-4984-A7B4-9991AB3616C7}.Release|Any CPU.Build.0 = Release|Any CPU
		{1B5A9BCB-554E-4984-A7B4-9991AB3616C7}.Release|x64.ActiveCfg = Release|x64
		{1B5A9BCB-554E-4984-A7B4-9991AB3616C7}.Release|x64.Build.0 = Release|x64
		{1B5A9BCB-554E-4984-A7B4-9991AB3616C7}.Release|x86.ActiveCfg = Release|Any CPU
		{1B5A9BCB-554E-4984-A7B4-9991AB3616C7}.Release|x86.Build.0 = Release|Any CPU
		{6278D641-8A3A-4C92-A07E-E829E6FD4346}.Debug|Any CPU.ActiveCfg = Debug|Any CPU
		{6278D641-8A3A-4C92-A07E-E829E6FD4346}.Debug|Any CPU.Build.0 = Debug|Any CPU
		{6278D641-8A3A-4C92-A07E-E829E6FD4346}.Debug|x64.ActiveCfg = Debug|Any CPU
		{6278D641-8A3A-4C92-A07E-E829E6FD4346}.Debug|x64.Build.0 = Debug|Any CPU
		{6278D641-8A3A-4C92-A07E-E829E6FD4346}.Debug|x86.ActiveCfg = Debug|Any CPU
		{6278D641-8A3A-4C92-A07E-E829E6FD4346}.Debug|x86.Build.0 = Debug|Any CPU
		{6278D641-8A3A-4C92-A07E-E829E6FD4346}.Release|Any CPU.ActiveCfg = Release|Any CPU
		{6278D641-8A3A-4C92-A07E-E829E6FD4346}.Release|Any CPU.Build.0 = Release|Any CPU
		{6278D641-8A3A-4C92-A07E-E829E6FD4346}.Release|x64.ActiveCfg = Release|x64
		{6278D641-8A3A-4C92-A07E-E829E6FD4346}.Release|x64.Build.0 = Release|x64
		{6278D641-8A3A-4C92-A07E-E829E6FD4346}.Release|x86.ActiveCfg = Release|Any CPU
		{6278D641-8A3A-4C92-A07E-E829E6FD4346}.Release|x86.Build.0 = Release|Any CPU
		{3B9B614D-729C-49E9-BF7B-23967CFD488A}.Debug|Any CPU.ActiveCfg = Debug|Any CPU
		{3B9B614D-729C-49E9-BF7B-23967CFD488A}.Debug|Any CPU.Build.0 = Debug|Any CPU
		{3B9B614D-729C-49E9-BF7B-23967CFD488A}.Debug|x64.ActiveCfg = Debug|Any CPU
		{3B9B614D-729C-49E9-BF7B-23967CFD488A}.Debug|x64.Build.0 = Debug|Any CPU
		{3B9B614D-729C-49E9-BF7B-23967CFD488A}.Debug|x86.ActiveCfg = Debug|Any CPU
		{3B9B614D-729C-49E9-BF7B-23967CFD488A}.Debug|x86.Build.0 = Debug|Any CPU
		{3B9B614D-729C-49E9-BF7B-23967CFD488A}.Release|Any CPU.ActiveCfg = Release|Any CPU
		{3B9B614D-729C-49E9-BF7B-23967CFD488A}.Release|Any CPU.Build.0 = Release|Any CPU
		{3B9B614D-729C-49E9-BF7B-23967CFD488A}.Release|x64.ActiveCfg = Release|x64
		{3B9B614D-729C-49E9-BF7B-23967CFD488A}.Release|x64.Build.0 = Release|x64
		{3B9B614D-729C-49E9-BF7B-23967CFD488A}.Release|x86.ActiveCfg = Release|Any CPU
		{3B9B614D-729C-49E9-BF7B-23967CFD488A}.Release|x86.Build.0 = Release|Any CPU
		{F249BCC7-FF9A-4695-8B0C-B23A9F897693}.Debug|Any CPU.ActiveCfg = Debug|Any CPU
		{F249BCC7-FF9A-4695-8B0C-B23A9F897693}.Debug|Any CPU.Build.0 = Debug|Any CPU
		{F249BCC7-FF9A-4695-8B0C-B23A9F897693}.Debug|x64.ActiveCfg = Debug|Any CPU
		{F249BCC7-FF9A-4695-8B0C-B23A9F897693}.Debug|x64.Build.0 = Debug|Any CPU
		{F249BCC7-FF9A-4695-8B0C-B23A9F897693}.Debug|x86.ActiveCfg = Debug|Any CPU
		{F249BCC7-FF9A-4695-8B0C-B23A9F897693}.Debug|x86.Build.0 = Debug|Any CPU
		{F249BCC7-FF9A-4695-8B0C-B23A9F897693}.Release|Any CPU.ActiveCfg = Release|Any CPU
		{F249BCC7-FF9A-4695-8B0C-B23A9F897693}.Release|Any CPU.Build.0 = Release|Any CPU
		{F249BCC7-FF9A-4695-8B0C-B23A9F897693}.Release|x64.ActiveCfg = Release|x64
		{F249BCC7-FF9A-4695-8B0C-B23A9F897693}.Release|x64.Build.0 = Release|x64
		{F249BCC7-FF9A-4695-8B0C-B23A9F897693}.Release|x86.ActiveCfg = Release|Any CPU
		{F249BCC7-FF9A-4695-8B0C-B23A9F897693}.Release|x86.Build.0 = Release|Any CPU
		{A5EEFA18-68C1-44B6-95EF-FE3180E114C9}.Debug|Any CPU.ActiveCfg = Debug|Any CPU
		{A5EEFA18-68C1-44B6-95EF-FE3180E114C9}.Debug|Any CPU.Build.0 = Debug|Any CPU
		{A5EEFA18-68C1-44B6-95EF-FE3180E114C9}.Debug|x64.ActiveCfg = Debug|Any CPU
		{A5EEFA18-68C1-44B6-95EF-FE3180E114C9}.Debug|x64.Build.0 = Debug|Any CPU
		{A5EEFA18-68C1-44B6-95EF-FE3180E114C9}.Debug|x86.ActiveCfg = Debug|Any CPU
		{A5EEFA18-68C1-44B6-95EF-FE3180E114C9}.Debug|x86.Build.0 = Debug|Any CPU
		{A5EEFA18-68C1-44B6-95EF-FE3180E114C9}.Release|Any CPU.ActiveCfg = Release|Any CPU
		{A5EEFA18-68C1-44B6-95EF-FE3180E114C9}.Release|Any CPU.Build.0 = Release|Any CPU
		{A5EEFA18-68C1-44B6-95EF-FE3180E114C9}.Release|x64.ActiveCfg = Release|x64
		{A5EEFA18-68C1-44B6-95EF-FE3180E114C9}.Release|x64.Build.0 = Release|x64
		{A5EEFA18-68C1-44B6-95EF-FE3180E114C9}.Release|x86.ActiveCfg = Release|Any CPU
		{A5EEFA18-68C1-44B6-95EF-FE3180E114C9}.Release|x86.Build.0 = Release|Any CPU
		{50E0E6BB-2BB8-4DC0-84F2-881BA4A721A4}.Debug|Any CPU.ActiveCfg = Debug|Any CPU
		{50E0E6BB-2BB8-4DC0-84F2-881BA4A721A4}.Debug|Any CPU.Build.0 = Debug|Any CPU
		{50E0E6BB-2BB8-4DC0-84F2-881BA4A721A4}.Debug|x64.ActiveCfg = Debug|Any CPU
		{50E0E6BB-2BB8-4DC0-84F2-881BA4A721A4}.Debug|x64.Build.0 = Debug|Any CPU
		{50E0E6BB-2BB8-4DC0-84F2-881BA4A721A4}.Debug|x86.ActiveCfg = Debug|Any CPU
		{50E0E6BB-2BB8-4DC0-84F2-881BA4A721A4}.Debug|x86.Build.0 = Debug|Any CPU
		{50E0E6BB-2BB8-4DC0-84F2-881BA4A721A4}.Release|Any CPU.ActiveCfg = Release|Any CPU
		{50E0E6BB-2BB8-4DC0-84F2-881BA4A721A4}.Release|Any CPU.Build.0 = Release|Any CPU
		{50E0E6BB-2BB8-4DC0-84F2-881BA4A721A4}.Release|x64.ActiveCfg = Release|x64
		{50E0E6BB-2BB8-4DC0-84F2-881BA4A721A4}.Release|x64.Build.0 = Release|x64
		{50E0E6BB-2BB8-4DC0-84F2-881BA4A721A4}.Release|x86.ActiveCfg = Release|Any CPU
		{50E0E6BB-2BB8-4DC0-84F2-881BA4A721A4}.Release|x86.Build.0 = Release|Any CPU
		{9602077A-B7E2-4213-84AB-089EBEA8FBFB}.Debug|Any CPU.ActiveCfg = Debug|Any CPU
		{9602077A-B7E2-4213-84AB-089EBEA8FBFB}.Debug|Any CPU.Build.0 = Debug|Any CPU
		{9602077A-B7E2-4213-84AB-089EBEA8FBFB}.Debug|x64.ActiveCfg = Debug|Any CPU
		{9602077A-B7E2-4213-84AB-089EBEA8FBFB}.Debug|x64.Build.0 = Debug|Any CPU
		{9602077A-B7E2-4213-84AB-089EBEA8FBFB}.Debug|x86.ActiveCfg = Debug|Any CPU
		{9602077A-B7E2-4213-84AB-089EBEA8FBFB}.Debug|x86.Build.0 = Debug|Any CPU
		{9602077A-B7E2-4213-84AB-089EBEA8FBFB}.Release|Any CPU.ActiveCfg = Release|Any CPU
		{9602077A-B7E2-4213-84AB-089EBEA8FBFB}.Release|Any CPU.Build.0 = Release|Any CPU
		{9602077A-B7E2-4213-84AB-089EBEA8FBFB}.Release|x64.ActiveCfg = Release|x64
		{9602077A-B7E2-4213-84AB-089EBEA8FBFB}.Release|x64.Build.0 = Release|x64
		{9602077A-B7E2-4213-84AB-089EBEA8FBFB}.Release|x86.ActiveCfg = Release|Any CPU
		{9602077A-B7E2-4213-84AB-089EBEA8FBFB}.Release|x86.Build.0 = Release|Any CPU
		{88BBEACC-8BEA-4303-9A7C-9CC8C2C7C23C}.Debug|Any CPU.ActiveCfg = Debug|Any CPU
		{88BBEACC-8BEA-4303-9A7C-9CC8C2C7C23C}.Debug|Any CPU.Build.0 = Debug|Any CPU
		{88BBEACC-8BEA-4303-9A7C-9CC8C2C7C23C}.Debug|x64.ActiveCfg = Debug|Any CPU
		{88BBEACC-8BEA-4303-9A7C-9CC8C2C7C23C}.Debug|x64.Build.0 = Debug|Any CPU
		{88BBEACC-8BEA-4303-9A7C-9CC8C2C7C23C}.Debug|x86.ActiveCfg = Debug|Any CPU
		{88BBEACC-8BEA-4303-9A7C-9CC8C2C7C23C}.Debug|x86.Build.0 = Debug|Any CPU
		{88BBEACC-8BEA-4303-9A7C-9CC8C2C7C23C}.Release|Any CPU.ActiveCfg = Release|Any CPU
		{88BBEACC-8BEA-4303-9A7C-9CC8C2C7C23C}.Release|Any CPU.Build.0 = Release|Any CPU
		{88BBEACC-8BEA-4303-9A7C-9CC8C2C7C23C}.Release|x64.ActiveCfg = Release|x64
		{88BBEACC-8BEA-4303-9A7C-9CC8C2C7C23C}.Release|x64.Build.0 = Release|x64
		{88BBEACC-8BEA-4303-9A7C-9CC8C2C7C23C}.Release|x86.ActiveCfg = Release|Any CPU
		{88BBEACC-8BEA-4303-9A7C-9CC8C2C7C23C}.Release|x86.Build.0 = Release|Any CPU
		{EE9FFF23-D30C-4D29-8489-3BCBB74D9720}.Debug|Any CPU.ActiveCfg = Debug|Any CPU
		{EE9FFF23-D30C-4D29-8489-3BCBB74D9720}.Debug|Any CPU.Build.0 = Debug|Any CPU
		{EE9FFF23-D30C-4D29-8489-3BCBB74D9720}.Debug|x64.ActiveCfg = Debug|Any CPU
		{EE9FFF23-D30C-4D29-8489-3BCBB74D9720}.Debug|x64.Build.0 = Debug|Any CPU
		{EE9FFF23-D30C-4D29-8489-3BCBB74D9720}.Debug|x86.ActiveCfg = Debug|Any CPU
		{EE9FFF23-D30C-4D29-8489-3BCBB74D9720}.Debug|x86.Build.0 = Debug|Any CPU
		{EE9FFF23-D30C-4D29-8489-3BCBB74D9720}.Release|Any CPU.ActiveCfg = Release|Any CPU
		{EE9FFF23-D30C-4D29-8489-3BCBB74D9720}.Release|Any CPU.Build.0 = Release|Any CPU
		{EE9FFF23-D30C-4D29-8489-3BCBB74D9720}.Release|x64.ActiveCfg = Release|x64
		{EE9FFF23-D30C-4D29-8489-3BCBB74D9720}.Release|x64.Build.0 = Release|x64
		{EE9FFF23-D30C-4D29-8489-3BCBB74D9720}.Release|x86.ActiveCfg = Release|Any CPU
		{EE9FFF23-D30C-4D29-8489-3BCBB74D9720}.Release|x86.Build.0 = Release|Any CPU
		{2615EC53-1A35-4C81-B924-0156EC04E938}.Debug|Any CPU.ActiveCfg = Debug|Win32
		{2615EC53-1A35-4C81-B924-0156EC04E938}.Debug|x64.ActiveCfg = Debug|x64
		{2615EC53-1A35-4C81-B924-0156EC04E938}.Debug|x64.Build.0 = Debug|x64
		{2615EC53-1A35-4C81-B924-0156EC04E938}.Debug|x86.ActiveCfg = Debug|Win32
		{2615EC53-1A35-4C81-B924-0156EC04E938}.Debug|x86.Build.0 = Debug|Win32
		{2615EC53-1A35-4C81-B924-0156EC04E938}.Release|Any CPU.ActiveCfg = Release|Win32
		{2615EC53-1A35-4C81-B924-0156EC04E938}.Release|x64.ActiveCfg = Release|x64
		{2615EC53-1A35-4C81-B924-0156EC04E938}.Release|x64.Build.0 = Release|x64
		{2615EC53-1A35-4C81-B924-0156EC04E938}.Release|x86.ActiveCfg = Release|Win32
		{2615EC53-1A35-4C81-B924-0156EC04E938}.Release|x86.Build.0 = Release|Win32
	EndGlobalSection
	GlobalSection(SolutionProperties) = preSolution
		HideSolutionNode = FALSE
	EndGlobalSection
	GlobalSection(ExtensibilityGlobals) = postSolution
		SolutionGuid = {43D14F24-0FB1-4F09-B622-31A644AD888E}
	EndGlobalSection
EndGlobal
